// !$*UTF8*$!
{
	archiveVersion = 1;
	classes = {
	};
	objectVersion = 56;
	objects = {

/* Begin PBXBuildFile section */
		B78BED212B35C7BB005A05C6 /* FoodsFinderApp.swift in Sources */ = {isa = PBXBuildFile; fileRef = B78BED202B35C7BB005A05C6 /* FoodsFinderApp.swift */; };
		B78BED232B35C7BB005A05C6 /* ContentView.swift in Sources */ = {isa = PBXBuildFile; fileRef = B78BED222B35C7BB005A05C6 /* ContentView.swift */; };
		B78BED252B35C7BF005A05C6 /* Assets.xcassets in Resources */ = {isa = PBXBuildFile; fileRef = B78BED242B35C7BF005A05C6 /* Assets.xcassets */; };
		B78BED282B35C7BF005A05C6 /* Preview Assets.xcassets in Resources */ = {isa = PBXBuildFile; fileRef = B78BED272B35C7BF005A05C6 /* Preview Assets.xcassets */; };
		B78BED322B35C7BF005A05C6 /* FoodsFinderTests.swift in Sources */ = {isa = PBXBuildFile; fileRef = B78BED312B35C7BF005A05C6 /* FoodsFinderTests.swift */; };
		B78BED3C2B35C7BF005A05C6 /* FoodsFinderUITests.swift in Sources */ = {isa = PBXBuildFile; fileRef = B78BED3B2B35C7BF005A05C6 /* FoodsFinderUITests.swift */; };
		B78BED3E2B35C7BF005A05C6 /* FoodsFinderUITestsLaunchTests.swift in Sources */ = {isa = PBXBuildFile; fileRef = B78BED3D2B35C7BF005A05C6 /* FoodsFinderUITestsLaunchTests.swift */; };
		B78BED4E2B35CA56005A05C6 /* HPListView.swift in Sources */ = {isa = PBXBuildFile; fileRef = B78BED4D2B35CA56005A05C6 /* HPListView.swift */; };
		B7B1683D2B368F2100F521D9 /* FirebaseAnalytics in Frameworks */ = {isa = PBXBuildFile; productRef = B7B1683C2B368F2100F521D9 /* FirebaseAnalytics */; };
		B7B1683F2B368F2900F521D9 /* FirebaseAuth in Frameworks */ = {isa = PBXBuildFile; productRef = B7B1683E2B368F2900F521D9 /* FirebaseAuth */; };
		B7B168412B368FA700F521D9 /* GoogleService-Info.plist in Resources */ = {isa = PBXBuildFile; fileRef = B7B168402B368FA700F521D9 /* GoogleService-Info.plist */; };
		B7B168422B368FA700F521D9 /* GoogleService-Info.plist in Resources */ = {isa = PBXBuildFile; fileRef = B7B168402B368FA700F521D9 /* GoogleService-Info.plist */; };
		B7B168432B368FA700F521D9 /* GoogleService-Info.plist in Resources */ = {isa = PBXBuildFile; fileRef = B7B168402B368FA700F521D9 /* GoogleService-Info.plist */; };
		B7B168462B36911000F521D9 /* PKHUD in Frameworks */ = {isa = PBXBuildFile; productRef = B7B168452B36911000F521D9 /* PKHUD */; };
		B7B168492B36919B00F521D9 /* Reachability in Frameworks */ = {isa = PBXBuildFile; productRef = B7B168482B36919B00F521D9 /* Reachability */; };
		B7C632592B35CB4C006B1E4E /* ShopDescriptionView.swift in Sources */ = {isa = PBXBuildFile; fileRef = B7C632582B35CB4C006B1E4E /* ShopDescriptionView.swift */; };
		B7C6325B2B35CBF7006B1E4E /* ShopInfo.swift in Sources */ = {isa = PBXBuildFile; fileRef = B7C6325A2B35CBF7006B1E4E /* ShopInfo.swift */; };
		B7C6325D2B35CCD6006B1E4E /* ShopItemView.swift in Sources */ = {isa = PBXBuildFile; fileRef = B7C6325C2B35CCD6006B1E4E /* ShopItemView.swift */; };
		B7C632622B35CE82006B1E4E /* Mock.swift in Sources */ = {isa = PBXBuildFile; fileRef = B7C632612B35CE82006B1E4E /* Mock.swift */; };
		B7C632642B35CF0D006B1E4E /* FavoriteListView.swift in Sources */ = {isa = PBXBuildFile; fileRef = B7C632632B35CF0D006B1E4E /* FavoriteListView.swift */; };
		B7C632672B35D1BB006B1E4E /* APIService.swift in Sources */ = {isa = PBXBuildFile; fileRef = B7C632662B35D1BB006B1E4E /* APIService.swift */; };
		B7C632692B35D1F9006B1E4E /* APIRequest.swift in Sources */ = {isa = PBXBuildFile; fileRef = B7C632682B35D1F9006B1E4E /* APIRequest.swift */; };
		B7C6326B2B35D89E006B1E4E /* Constants.swift in Sources */ = {isa = PBXBuildFile; fileRef = B7C6326A2B35D89E006B1E4E /* Constants.swift */; };
		B7C6326D2B35DA86006B1E4E /* HPViewModel.swift in Sources */ = {isa = PBXBuildFile; fileRef = B7C6326C2B35DA86006B1E4E /* HPViewModel.swift */; };
		B7C6326F2B3674B9006B1E4E /* EmptyView.swift in Sources */ = {isa = PBXBuildFile; fileRef = B7C6326E2B3674B9006B1E4E /* EmptyView.swift */; };
		B7D417452B5170A3002A1C24 /* SignUpView.swift in Sources */ = {isa = PBXBuildFile; fileRef = B7D417442B5170A3002A1C24 /* SignUpView.swift */; };
		B7D417472B5190EF002A1C24 /* HPView.swift in Sources */ = {isa = PBXBuildFile; fileRef = B7D417462B5190EF002A1C24 /* HPView.swift */; };
		B7D4174A2B52341B002A1C24 /* NavigationPath.swift in Sources */ = {isa = PBXBuildFile; fileRef = B7D417492B52341B002A1C24 /* NavigationPath.swift */; };
		B7D4174C2B524148002A1C24 /* SettingView.swift in Sources */ = {isa = PBXBuildFile; fileRef = B7D4174B2B524148002A1C24 /* SettingView.swift */; };
		B7D417522B527FFA002A1C24 /* PKHUDView.swift in Sources */ = {isa = PBXBuildFile; fileRef = B7D417512B527FFA002A1C24 /* PKHUDView.swift */; };
		B7D417542B5280EB002A1C24 /* PKHUDModifier.swift in Sources */ = {isa = PBXBuildFile; fileRef = B7D417532B5280EB002A1C24 /* PKHUDModifier.swift */; };
		B7D417582B52845C002A1C24 /* ViewExtension.swift in Sources */ = {isa = PBXBuildFile; fileRef = B7D417572B52845C002A1C24 /* ViewExtension.swift */; };
		B7D4175B2B5289A2002A1C24 /* CustomAlertModifier.swift in Sources */ = {isa = PBXBuildFile; fileRef = B7D4175A2B5289A2002A1C24 /* CustomAlertModifier.swift */; };
		B7D4175D2B5289B3002A1C24 /* CustomAlertEntity.swift in Sources */ = {isa = PBXBuildFile; fileRef = B7D4175C2B5289B3002A1C24 /* CustomAlertEntity.swift */; };
		B7D417602B528BE0002A1C24 /* ValidationInteractor.swift in Sources */ = {isa = PBXBuildFile; fileRef = B7D4175F2B528BE0002A1C24 /* ValidationInteractor.swift */; };
		B7D417622B528D1D002A1C24 /* AlertViewModel.swift in Sources */ = {isa = PBXBuildFile; fileRef = B7D417612B528D1D002A1C24 /* AlertViewModel.swift */; };
		B7E3DB812B3EBE2500903FA1 /* LoginView.swift in Sources */ = {isa = PBXBuildFile; fileRef = B7E3DB802B3EBE2500903FA1 /* LoginView.swift */; };
		B7E3DB832B3F1B9800903FA1 /* LoginViewModel.swift in Sources */ = {isa = PBXBuildFile; fileRef = B7E3DB822B3F1B9800903FA1 /* LoginViewModel.swift */; };
		B7E3DB852B3F1CD500903FA1 /* LoginModel.swift in Sources */ = {isa = PBXBuildFile; fileRef = B7E3DB842B3F1CD500903FA1 /* LoginModel.swift */; };
/* End PBXBuildFile section */

/* Begin PBXContainerItemProxy section */
		B78BED2E2B35C7BF005A05C6 /* PBXContainerItemProxy */ = {
			isa = PBXContainerItemProxy;
			containerPortal = B78BED152B35C7BB005A05C6 /* Project object */;
			proxyType = 1;
			remoteGlobalIDString = B78BED1C2B35C7BB005A05C6;
			remoteInfo = FoodsFinder;
		};
		B78BED382B35C7BF005A05C6 /* PBXContainerItemProxy */ = {
			isa = PBXContainerItemProxy;
			containerPortal = B78BED152B35C7BB005A05C6 /* Project object */;
			proxyType = 1;
			remoteGlobalIDString = B78BED1C2B35C7BB005A05C6;
			remoteInfo = FoodsFinder;
		};
/* End PBXContainerItemProxy section */

/* Begin PBXFileReference section */
		B78BED1D2B35C7BB005A05C6 /* FoodsFinder.app */ = {isa = PBXFileReference; explicitFileType = wrapper.application; includeInIndex = 0; path = FoodsFinder.app; sourceTree = BUILT_PRODUCTS_DIR; };
		B78BED202B35C7BB005A05C6 /* FoodsFinderApp.swift */ = {isa = PBXFileReference; lastKnownFileType = sourcecode.swift; path = FoodsFinderApp.swift; sourceTree = "<group>"; };
		B78BED222B35C7BB005A05C6 /* ContentView.swift */ = {isa = PBXFileReference; lastKnownFileType = sourcecode.swift; path = ContentView.swift; sourceTree = "<group>"; };
		B78BED242B35C7BF005A05C6 /* Assets.xcassets */ = {isa = PBXFileReference; lastKnownFileType = folder.assetcatalog; path = Assets.xcassets; sourceTree = "<group>"; };
		B78BED272B35C7BF005A05C6 /* Preview Assets.xcassets */ = {isa = PBXFileReference; lastKnownFileType = folder.assetcatalog; path = "Preview Assets.xcassets"; sourceTree = "<group>"; };
		B78BED2D2B35C7BF005A05C6 /* FoodsFinderTests.xctest */ = {isa = PBXFileReference; explicitFileType = wrapper.cfbundle; includeInIndex = 0; path = FoodsFinderTests.xctest; sourceTree = BUILT_PRODUCTS_DIR; };
		B78BED312B35C7BF005A05C6 /* FoodsFinderTests.swift */ = {isa = PBXFileReference; lastKnownFileType = sourcecode.swift; path = FoodsFinderTests.swift; sourceTree = "<group>"; };
		B78BED372B35C7BF005A05C6 /* FoodsFinderUITests.xctest */ = {isa = PBXFileReference; explicitFileType = wrapper.cfbundle; includeInIndex = 0; path = FoodsFinderUITests.xctest; sourceTree = BUILT_PRODUCTS_DIR; };
		B78BED3B2B35C7BF005A05C6 /* FoodsFinderUITests.swift */ = {isa = PBXFileReference; lastKnownFileType = sourcecode.swift; path = FoodsFinderUITests.swift; sourceTree = "<group>"; };
		B78BED3D2B35C7BF005A05C6 /* FoodsFinderUITestsLaunchTests.swift */ = {isa = PBXFileReference; lastKnownFileType = sourcecode.swift; path = FoodsFinderUITestsLaunchTests.swift; sourceTree = "<group>"; };
		B78BED4D2B35CA56005A05C6 /* HPListView.swift */ = {isa = PBXFileReference; lastKnownFileType = sourcecode.swift; path = HPListView.swift; sourceTree = "<group>"; };
		B7B168402B368FA700F521D9 /* GoogleService-Info.plist */ = {isa = PBXFileReference; fileEncoding = 4; lastKnownFileType = text.plist.xml; path = "GoogleService-Info.plist"; sourceTree = "<group>"; };
		B7B1684E2B369A9200F521D9 /* Info.plist */ = {isa = PBXFileReference; lastKnownFileType = text.plist; path = Info.plist; sourceTree = "<group>"; };
		B7C632582B35CB4C006B1E4E /* ShopDescriptionView.swift */ = {isa = PBXFileReference; lastKnownFileType = sourcecode.swift; path = ShopDescriptionView.swift; sourceTree = "<group>"; };
		B7C6325A2B35CBF7006B1E4E /* ShopInfo.swift */ = {isa = PBXFileReference; lastKnownFileType = sourcecode.swift; path = ShopInfo.swift; sourceTree = "<group>"; };
		B7C6325C2B35CCD6006B1E4E /* ShopItemView.swift */ = {isa = PBXFileReference; lastKnownFileType = sourcecode.swift; path = ShopItemView.swift; sourceTree = "<group>"; };
		B7C632612B35CE82006B1E4E /* Mock.swift */ = {isa = PBXFileReference; lastKnownFileType = sourcecode.swift; path = Mock.swift; sourceTree = "<group>"; };
		B7C632632B35CF0D006B1E4E /* FavoriteListView.swift */ = {isa = PBXFileReference; lastKnownFileType = sourcecode.swift; path = FavoriteListView.swift; sourceTree = "<group>"; };
		B7C632662B35D1BB006B1E4E /* APIService.swift */ = {isa = PBXFileReference; lastKnownFileType = sourcecode.swift; path = APIService.swift; sourceTree = "<group>"; };
		B7C632682B35D1F9006B1E4E /* APIRequest.swift */ = {isa = PBXFileReference; lastKnownFileType = sourcecode.swift; path = APIRequest.swift; sourceTree = "<group>"; };
		B7C6326A2B35D89E006B1E4E /* Constants.swift */ = {isa = PBXFileReference; lastKnownFileType = sourcecode.swift; path = Constants.swift; sourceTree = "<group>"; };
		B7C6326C2B35DA86006B1E4E /* HPViewModel.swift */ = {isa = PBXFileReference; lastKnownFileType = sourcecode.swift; path = HPViewModel.swift; sourceTree = "<group>"; };
		B7C6326E2B3674B9006B1E4E /* EmptyView.swift */ = {isa = PBXFileReference; lastKnownFileType = sourcecode.swift; path = EmptyView.swift; sourceTree = "<group>"; };
		B7D417442B5170A3002A1C24 /* SignUpView.swift */ = {isa = PBXFileReference; lastKnownFileType = sourcecode.swift; path = SignUpView.swift; sourceTree = "<group>"; };
		B7D417462B5190EF002A1C24 /* HPView.swift */ = {isa = PBXFileReference; lastKnownFileType = sourcecode.swift; path = HPView.swift; sourceTree = "<group>"; };
		B7D417492B52341B002A1C24 /* NavigationPath.swift */ = {isa = PBXFileReference; lastKnownFileType = sourcecode.swift; path = NavigationPath.swift; sourceTree = "<group>"; };
		B7D4174B2B524148002A1C24 /* SettingView.swift */ = {isa = PBXFileReference; lastKnownFileType = sourcecode.swift; path = SettingView.swift; sourceTree = "<group>"; };
		B7D417512B527FFA002A1C24 /* PKHUDView.swift */ = {isa = PBXFileReference; lastKnownFileType = sourcecode.swift; path = PKHUDView.swift; sourceTree = "<group>"; };
		B7D417532B5280EB002A1C24 /* PKHUDModifier.swift */ = {isa = PBXFileReference; lastKnownFileType = sourcecode.swift; path = PKHUDModifier.swift; sourceTree = "<group>"; };
		B7D417572B52845C002A1C24 /* ViewExtension.swift */ = {isa = PBXFileReference; lastKnownFileType = sourcecode.swift; path = ViewExtension.swift; sourceTree = "<group>"; };
		B7D4175A2B5289A2002A1C24 /* CustomAlertModifier.swift */ = {isa = PBXFileReference; lastKnownFileType = sourcecode.swift; path = CustomAlertModifier.swift; sourceTree = "<group>"; };
		B7D4175C2B5289B3002A1C24 /* CustomAlertEntity.swift */ = {isa = PBXFileReference; lastKnownFileType = sourcecode.swift; path = CustomAlertEntity.swift; sourceTree = "<group>"; };
		B7D4175F2B528BE0002A1C24 /* ValidationInteractor.swift */ = {isa = PBXFileReference; lastKnownFileType = sourcecode.swift; path = ValidationInteractor.swift; sourceTree = "<group>"; };
		B7D417612B528D1D002A1C24 /* AlertViewModel.swift */ = {isa = PBXFileReference; lastKnownFileType = sourcecode.swift; path = AlertViewModel.swift; sourceTree = "<group>"; };
		B7E3DB802B3EBE2500903FA1 /* LoginView.swift */ = {isa = PBXFileReference; lastKnownFileType = sourcecode.swift; path = LoginView.swift; sourceTree = "<group>"; };
		B7E3DB822B3F1B9800903FA1 /* LoginViewModel.swift */ = {isa = PBXFileReference; lastKnownFileType = sourcecode.swift; path = LoginViewModel.swift; sourceTree = "<group>"; };
		B7E3DB842B3F1CD500903FA1 /* LoginModel.swift */ = {isa = PBXFileReference; lastKnownFileType = sourcecode.swift; path = LoginModel.swift; sourceTree = "<group>"; };
/* End PBXFileReference section */

/* Begin PBXFrameworksBuildPhase section */
		B78BED1A2B35C7BB005A05C6 /* Frameworks */ = {
			isa = PBXFrameworksBuildPhase;
			buildActionMask = 2147483647;
			files = (
				B7B168462B36911000F521D9 /* PKHUD in Frameworks */,
				B7B168492B36919B00F521D9 /* Reachability in Frameworks */,
				B7B1683D2B368F2100F521D9 /* FirebaseAnalytics in Frameworks */,
				B7B1683F2B368F2900F521D9 /* FirebaseAuth in Frameworks */,
			);
			runOnlyForDeploymentPostprocessing = 0;
		};
		B78BED2A2B35C7BF005A05C6 /* Frameworks */ = {
			isa = PBXFrameworksBuildPhase;
			buildActionMask = 2147483647;
			files = (
			);
			runOnlyForDeploymentPostprocessing = 0;
		};
		B78BED342B35C7BF005A05C6 /* Frameworks */ = {
			isa = PBXFrameworksBuildPhase;
			buildActionMask = 2147483647;
			files = (
			);
			runOnlyForDeploymentPostprocessing = 0;
		};
/* End PBXFrameworksBuildPhase section */

/* Begin PBXGroup section */
		B78BED142B35C7BB005A05C6 = {
			isa = PBXGroup;
			children = (
				B78BED1F2B35C7BB005A05C6 /* FoodsFinder */,
				B78BED302B35C7BF005A05C6 /* FoodsFinderTests */,
				B78BED3A2B35C7BF005A05C6 /* FoodsFinderUITests */,
				B78BED1E2B35C7BB005A05C6 /* Products */,
				B7B1683B2B368F2100F521D9 /* Frameworks */,
			);
			sourceTree = "<group>";
		};
		B78BED1E2B35C7BB005A05C6 /* Products */ = {
			isa = PBXGroup;
			children = (
				B78BED1D2B35C7BB005A05C6 /* FoodsFinder.app */,
				B78BED2D2B35C7BF005A05C6 /* FoodsFinderTests.xctest */,
				B78BED372B35C7BF005A05C6 /* FoodsFinderUITests.xctest */,
			);
			name = Products;
			sourceTree = "<group>";
		};
		B78BED1F2B35C7BB005A05C6 /* FoodsFinder */ = {
			isa = PBXGroup;
			children = (
				B78BED202B35C7BB005A05C6 /* FoodsFinderApp.swift */,
				B78BED4C2B35C8B0005A05C6 /* Model */,
				B78BED4B2B35C8A4005A05C6 /* ViewModel */,
				B78BED4A2B35C89C005A05C6 /* View */,
				B7D417482B5233E5002A1C24 /* Navigation */,
				B7D4175E2B528BC1002A1C24 /* Interactor */,
				B7D417592B528992002A1C24 /* Alert */,
				B7D417502B527FE0002A1C24 /* PKHUD */,
				B7D4174D2B524DA6002A1C24 /* Service */,
				B7C632652B35D1A4006B1E4E /* API */,
				B7C6325E2B35CE40006B1E4E /* Util */,
				B78BED242B35C7BF005A05C6 /* Assets.xcassets */,
				B7B1684E2B369A9200F521D9 /* Info.plist */,
				B7B168402B368FA700F521D9 /* GoogleService-Info.plist */,
				B78BED262B35C7BF005A05C6 /* Preview Content */,
			);
			path = FoodsFinder;
			sourceTree = "<group>";
		};
		B78BED262B35C7BF005A05C6 /* Preview Content */ = {
			isa = PBXGroup;
			children = (
				B78BED272B35C7BF005A05C6 /* Preview Assets.xcassets */,
			);
			path = "Preview Content";
			sourceTree = "<group>";
		};
		B78BED302B35C7BF005A05C6 /* FoodsFinderTests */ = {
			isa = PBXGroup;
			children = (
				B78BED312B35C7BF005A05C6 /* FoodsFinderTests.swift */,
			);
			path = FoodsFinderTests;
			sourceTree = "<group>";
		};
		B78BED3A2B35C7BF005A05C6 /* FoodsFinderUITests */ = {
			isa = PBXGroup;
			children = (
				B78BED3B2B35C7BF005A05C6 /* FoodsFinderUITests.swift */,
				B78BED3D2B35C7BF005A05C6 /* FoodsFinderUITestsLaunchTests.swift */,
			);
			path = FoodsFinderUITests;
			sourceTree = "<group>";
		};
		B78BED4A2B35C89C005A05C6 /* View */ = {
			isa = PBXGroup;
			children = (
				B78BED222B35C7BB005A05C6 /* ContentView.swift */,
				B7D417462B5190EF002A1C24 /* HPView.swift */,
				B78BED4D2B35CA56005A05C6 /* HPListView.swift */,
				B7C632582B35CB4C006B1E4E /* ShopDescriptionView.swift */,
				B7C6325C2B35CCD6006B1E4E /* ShopItemView.swift */,
				B7C632632B35CF0D006B1E4E /* FavoriteListView.swift */,
				B7C6326E2B3674B9006B1E4E /* EmptyView.swift */,
				B7E3DB802B3EBE2500903FA1 /* LoginView.swift */,
				B7D417442B5170A3002A1C24 /* SignUpView.swift */,
				B7D4174B2B524148002A1C24 /* SettingView.swift */,
				B7D417572B52845C002A1C24 /* ViewExtension.swift */,
			);
			path = View;
			sourceTree = "<group>";
		};
		B78BED4B2B35C8A4005A05C6 /* ViewModel */ = {
			isa = PBXGroup;
			children = (
				B7C6326C2B35DA86006B1E4E /* HPViewModel.swift */,
				B7E3DB822B3F1B9800903FA1 /* LoginViewModel.swift */,
				B7D417612B528D1D002A1C24 /* AlertViewModel.swift */,
			);
			path = ViewModel;
			sourceTree = "<group>";
		};
		B78BED4C2B35C8B0005A05C6 /* Model */ = {
			isa = PBXGroup;
			children = (
				B7C6325A2B35CBF7006B1E4E /* ShopInfo.swift */,
				B7C632612B35CE82006B1E4E /* Mock.swift */,
				B7E3DB842B3F1CD500903FA1 /* LoginModel.swift */,
			);
			path = Model;
			sourceTree = "<group>";
		};
		B7B1683B2B368F2100F521D9 /* Frameworks */ = {
			isa = PBXGroup;
			children = (
			);
			name = Frameworks;
			sourceTree = "<group>";
		};
		B7C6325E2B35CE40006B1E4E /* Util */ = {
			isa = PBXGroup;
			children = (
				B7C6326A2B35D89E006B1E4E /* Constants.swift */,
			);
			path = Util;
			sourceTree = "<group>";
		};
		B7C632652B35D1A4006B1E4E /* API */ = {
			isa = PBXGroup;
			children = (
				B7C632662B35D1BB006B1E4E /* APIService.swift */,
				B7C632682B35D1F9006B1E4E /* APIRequest.swift */,
			);
			path = API;
			sourceTree = "<group>";
		};
		B7D417482B5233E5002A1C24 /* Navigation */ = {
			isa = PBXGroup;
			children = (
				B7D417492B52341B002A1C24 /* NavigationPath.swift */,
			);
			path = Navigation;
			sourceTree = "<group>";
		};
		B7D4174D2B524DA6002A1C24 /* Service */ = {
			isa = PBXGroup;
			children = (
			);
			path = Service;
			sourceTree = "<group>";
		};
		B7D417502B527FE0002A1C24 /* PKHUD */ = {
			isa = PBXGroup;
			children = (
				B7D417512B527FFA002A1C24 /* PKHUDView.swift */,
				B7D417532B5280EB002A1C24 /* PKHUDModifier.swift */,
			);
			path = PKHUD;
			sourceTree = "<group>";
		};
		B7D417592B528992002A1C24 /* Alert */ = {
			isa = PBXGroup;
			children = (
				B7D4175A2B5289A2002A1C24 /* CustomAlertModifier.swift */,
				B7D4175C2B5289B3002A1C24 /* CustomAlertEntity.swift */,
			);
			path = Alert;
			sourceTree = "<group>";
		};
		B7D4175E2B528BC1002A1C24 /* Interactor */ = {
			isa = PBXGroup;
			children = (
				B7D4175F2B528BE0002A1C24 /* ValidationInteractor.swift */,
			);
			path = Interactor;
			sourceTree = "<group>";
		};
/* End PBXGroup section */

/* Begin PBXNativeTarget section */
		B78BED1C2B35C7BB005A05C6 /* FoodsFinder */ = {
			isa = PBXNativeTarget;
			buildConfigurationList = B78BED412B35C7BF005A05C6 /* Build configuration list for PBXNativeTarget "FoodsFinder" */;
			buildPhases = (
				B78BED192B35C7BB005A05C6 /* Sources */,
				B78BED1A2B35C7BB005A05C6 /* Frameworks */,
				B78BED1B2B35C7BB005A05C6 /* Resources */,
			);
			buildRules = (
			);
			dependencies = (
			);
			name = FoodsFinder;
			packageProductDependencies = (
				B7B1683C2B368F2100F521D9 /* FirebaseAnalytics */,
				B7B1683E2B368F2900F521D9 /* FirebaseAuth */,
				B7B168452B36911000F521D9 /* PKHUD */,
				B7B168482B36919B00F521D9 /* Reachability */,
			);
			productName = FoodsFinder;
			productReference = B78BED1D2B35C7BB005A05C6 /* FoodsFinder.app */;
			productType = "com.apple.product-type.application";
		};
		B78BED2C2B35C7BF005A05C6 /* FoodsFinderTests */ = {
			isa = PBXNativeTarget;
			buildConfigurationList = B78BED442B35C7BF005A05C6 /* Build configuration list for PBXNativeTarget "FoodsFinderTests" */;
			buildPhases = (
				B78BED292B35C7BF005A05C6 /* Sources */,
				B78BED2A2B35C7BF005A05C6 /* Frameworks */,
				B78BED2B2B35C7BF005A05C6 /* Resources */,
			);
			buildRules = (
			);
			dependencies = (
				B78BED2F2B35C7BF005A05C6 /* PBXTargetDependency */,
			);
			name = FoodsFinderTests;
			productName = FoodsFinderTests;
			productReference = B78BED2D2B35C7BF005A05C6 /* FoodsFinderTests.xctest */;
			productType = "com.apple.product-type.bundle.unit-test";
		};
		B78BED362B35C7BF005A05C6 /* FoodsFinderUITests */ = {
			isa = PBXNativeTarget;
			buildConfigurationList = B78BED472B35C7BF005A05C6 /* Build configuration list for PBXNativeTarget "FoodsFinderUITests" */;
			buildPhases = (
				B78BED332B35C7BF005A05C6 /* Sources */,
				B78BED342B35C7BF005A05C6 /* Frameworks */,
				B78BED352B35C7BF005A05C6 /* Resources */,
			);
			buildRules = (
			);
			dependencies = (
				B78BED392B35C7BF005A05C6 /* PBXTargetDependency */,
			);
			name = FoodsFinderUITests;
			productName = FoodsFinderUITests;
			productReference = B78BED372B35C7BF005A05C6 /* FoodsFinderUITests.xctest */;
			productType = "com.apple.product-type.bundle.ui-testing";
		};
/* End PBXNativeTarget section */

/* Begin PBXProject section */
		B78BED152B35C7BB005A05C6 /* Project object */ = {
			isa = PBXProject;
			attributes = {
				BuildIndependentTargetsInParallel = 1;
				LastSwiftUpdateCheck = 1510;
				LastUpgradeCheck = 1510;
				TargetAttributes = {
					B78BED1C2B35C7BB005A05C6 = {
						CreatedOnToolsVersion = 15.1;
					};
					B78BED2C2B35C7BF005A05C6 = {
						CreatedOnToolsVersion = 15.1;
						TestTargetID = B78BED1C2B35C7BB005A05C6;
					};
					B78BED362B35C7BF005A05C6 = {
						CreatedOnToolsVersion = 15.1;
						TestTargetID = B78BED1C2B35C7BB005A05C6;
					};
				};
			};
			buildConfigurationList = B78BED182B35C7BB005A05C6 /* Build configuration list for PBXProject "FoodsFinder" */;
			compatibilityVersion = "Xcode 14.0";
			developmentRegion = en;
			hasScannedForEncodings = 0;
			knownRegions = (
				en,
				Base,
			);
			mainGroup = B78BED142B35C7BB005A05C6;
			packageReferences = (
				B7C632702B368D67006B1E4E /* XCRemoteSwiftPackageReference "firebase-ios-sdk" */,
				B7B168442B36911000F521D9 /* XCRemoteSwiftPackageReference "PKHUD" */,
				B7B168472B36919B00F521D9 /* XCRemoteSwiftPackageReference "Reachability" */,
			);
			productRefGroup = B78BED1E2B35C7BB005A05C6 /* Products */;
			projectDirPath = "";
			projectRoot = "";
			targets = (
				B78BED1C2B35C7BB005A05C6 /* FoodsFinder */,
				B78BED2C2B35C7BF005A05C6 /* FoodsFinderTests */,
				B78BED362B35C7BF005A05C6 /* FoodsFinderUITests */,
			);
		};
/* End PBXProject section */

/* Begin PBXResourcesBuildPhase section */
		B78BED1B2B35C7BB005A05C6 /* Resources */ = {
			isa = PBXResourcesBuildPhase;
			buildActionMask = 2147483647;
			files = (
				B78BED282B35C7BF005A05C6 /* Preview Assets.xcassets in Resources */,
				B78BED252B35C7BF005A05C6 /* Assets.xcassets in Resources */,
				B7B168412B368FA700F521D9 /* GoogleService-Info.plist in Resources */,
			);
			runOnlyForDeploymentPostprocessing = 0;
		};
		B78BED2B2B35C7BF005A05C6 /* Resources */ = {
			isa = PBXResourcesBuildPhase;
			buildActionMask = 2147483647;
			files = (
				B7B168422B368FA700F521D9 /* GoogleService-Info.plist in Resources */,
			);
			runOnlyForDeploymentPostprocessing = 0;
		};
		B78BED352B35C7BF005A05C6 /* Resources */ = {
			isa = PBXResourcesBuildPhase;
			buildActionMask = 2147483647;
			files = (
				B7B168432B368FA700F521D9 /* GoogleService-Info.plist in Resources */,
			);
			runOnlyForDeploymentPostprocessing = 0;
		};
/* End PBXResourcesBuildPhase section */

/* Begin PBXSourcesBuildPhase section */
		B78BED192B35C7BB005A05C6 /* Sources */ = {
			isa = PBXSourcesBuildPhase;
			buildActionMask = 2147483647;
			files = (
				B7C632642B35CF0D006B1E4E /* FavoriteListView.swift in Sources */,
				B7D4174C2B524148002A1C24 /* SettingView.swift in Sources */,
				B7C6326F2B3674B9006B1E4E /* EmptyView.swift in Sources */,
				B7D417622B528D1D002A1C24 /* AlertViewModel.swift in Sources */,
				B7C6326B2B35D89E006B1E4E /* Constants.swift in Sources */,
				B7C6325B2B35CBF7006B1E4E /* ShopInfo.swift in Sources */,
				B7D417522B527FFA002A1C24 /* PKHUDView.swift in Sources */,
				B7D4175B2B5289A2002A1C24 /* CustomAlertModifier.swift in Sources */,
				B7D4175D2B5289B3002A1C24 /* CustomAlertEntity.swift in Sources */,
				B7D417582B52845C002A1C24 /* ViewExtension.swift in Sources */,
				B78BED232B35C7BB005A05C6 /* ContentView.swift in Sources */,
				B7E3DB852B3F1CD500903FA1 /* LoginModel.swift in Sources */,
				B7C6326D2B35DA86006B1E4E /* HPViewModel.swift in Sources */,
				B7C632592B35CB4C006B1E4E /* ShopDescriptionView.swift in Sources */,
				B7C632622B35CE82006B1E4E /* Mock.swift in Sources */,
				B7E3DB832B3F1B9800903FA1 /* LoginViewModel.swift in Sources */,
				B7E3DB812B3EBE2500903FA1 /* LoginView.swift in Sources */,
				B7C6325D2B35CCD6006B1E4E /* ShopItemView.swift in Sources */,
				B7D417452B5170A3002A1C24 /* SignUpView.swift in Sources */,
				B78BED212B35C7BB005A05C6 /* FoodsFinderApp.swift in Sources */,
				B7D417472B5190EF002A1C24 /* HPView.swift in Sources */,
				B7D4174A2B52341B002A1C24 /* NavigationPath.swift in Sources */,
				B7D417602B528BE0002A1C24 /* ValidationInteractor.swift in Sources */,
				B7C632672B35D1BB006B1E4E /* APIService.swift in Sources */,
				B7C632692B35D1F9006B1E4E /* APIRequest.swift in Sources */,
				B78BED4E2B35CA56005A05C6 /* HPListView.swift in Sources */,
				B7D417542B5280EB002A1C24 /* PKHUDModifier.swift in Sources */,
			);
			runOnlyForDeploymentPostprocessing = 0;
		};
		B78BED292B35C7BF005A05C6 /* Sources */ = {
			isa = PBXSourcesBuildPhase;
			buildActionMask = 2147483647;
			files = (
				B78BED322B35C7BF005A05C6 /* FoodsFinderTests.swift in Sources */,
			);
			runOnlyForDeploymentPostprocessing = 0;
		};
		B78BED332B35C7BF005A05C6 /* Sources */ = {
			isa = PBXSourcesBuildPhase;
			buildActionMask = 2147483647;
			files = (
				B78BED3E2B35C7BF005A05C6 /* FoodsFinderUITestsLaunchTests.swift in Sources */,
				B78BED3C2B35C7BF005A05C6 /* FoodsFinderUITests.swift in Sources */,
			);
			runOnlyForDeploymentPostprocessing = 0;
		};
/* End PBXSourcesBuildPhase section */

/* Begin PBXTargetDependency section */
		B78BED2F2B35C7BF005A05C6 /* PBXTargetDependency */ = {
			isa = PBXTargetDependency;
			target = B78BED1C2B35C7BB005A05C6 /* FoodsFinder */;
			targetProxy = B78BED2E2B35C7BF005A05C6 /* PBXContainerItemProxy */;
		};
		B78BED392B35C7BF005A05C6 /* PBXTargetDependency */ = {
			isa = PBXTargetDependency;
			target = B78BED1C2B35C7BB005A05C6 /* FoodsFinder */;
			targetProxy = B78BED382B35C7BF005A05C6 /* PBXContainerItemProxy */;
		};
/* End PBXTargetDependency section */

/* Begin XCBuildConfiguration section */
		B78BED3F2B35C7BF005A05C6 /* Debug */ = {
			isa = XCBuildConfiguration;
			buildSettings = {
				ALWAYS_SEARCH_USER_PATHS = NO;
				ASSETCATALOG_COMPILER_GENERATE_SWIFT_ASSET_SYMBOL_EXTENSIONS = YES;
				CLANG_ANALYZER_NONNULL = YES;
				CLANG_ANALYZER_NUMBER_OBJECT_CONVERSION = YES_AGGRESSIVE;
				CLANG_CXX_LANGUAGE_STANDARD = "gnu++20";
				CLANG_ENABLE_MODULES = YES;
				CLANG_ENABLE_OBJC_ARC = YES;
				CLANG_ENABLE_OBJC_WEAK = YES;
				CLANG_WARN_BLOCK_CAPTURE_AUTORELEASING = YES;
				CLANG_WARN_BOOL_CONVERSION = YES;
				CLANG_WARN_COMMA = YES;
				CLANG_WARN_CONSTANT_CONVERSION = YES;
				CLANG_WARN_DEPRECATED_OBJC_IMPLEMENTATIONS = YES;
				CLANG_WARN_DIRECT_OBJC_ISA_USAGE = YES_ERROR;
				CLANG_WARN_DOCUMENTATION_COMMENTS = YES;
				CLANG_WARN_EMPTY_BODY = YES;
				CLANG_WARN_ENUM_CONVERSION = YES;
				CLANG_WARN_INFINITE_RECURSION = YES;
				CLANG_WARN_INT_CONVERSION = YES;
				CLANG_WARN_NON_LITERAL_NULL_CONVERSION = YES;
				CLANG_WARN_OBJC_IMPLICIT_RETAIN_SELF = YES;
				CLANG_WARN_OBJC_LITERAL_CONVERSION = YES;
				CLANG_WARN_OBJC_ROOT_CLASS = YES_ERROR;
				CLANG_WARN_QUOTED_INCLUDE_IN_FRAMEWORK_HEADER = YES;
				CLANG_WARN_RANGE_LOOP_ANALYSIS = YES;
				CLANG_WARN_STRICT_PROTOTYPES = YES;
				CLANG_WARN_SUSPICIOUS_MOVE = YES;
				CLANG_WARN_UNGUARDED_AVAILABILITY = YES_AGGRESSIVE;
				CLANG_WARN_UNREACHABLE_CODE = YES;
				CLANG_WARN__DUPLICATE_METHOD_MATCH = YES;
				COPY_PHASE_STRIP = NO;
				DEBUG_INFORMATION_FORMAT = dwarf;
				ENABLE_STRICT_OBJC_MSGSEND = YES;
				ENABLE_TESTABILITY = YES;
				ENABLE_USER_SCRIPT_SANDBOXING = YES;
				GCC_C_LANGUAGE_STANDARD = gnu17;
				GCC_DYNAMIC_NO_PIC = NO;
				GCC_NO_COMMON_BLOCKS = YES;
				GCC_OPTIMIZATION_LEVEL = 0;
				GCC_PREPROCESSOR_DEFINITIONS = (
					"DEBUG=1",
					"$(inherited)",
				);
				GCC_WARN_64_TO_32_BIT_CONVERSION = YES;
				GCC_WARN_ABOUT_RETURN_TYPE = YES_ERROR;
				GCC_WARN_UNDECLARED_SELECTOR = YES;
				GCC_WARN_UNINITIALIZED_AUTOS = YES_AGGRESSIVE;
				GCC_WARN_UNUSED_FUNCTION = YES;
				GCC_WARN_UNUSED_VARIABLE = YES;
				IPHONEOS_DEPLOYMENT_TARGET = 17.2;
				LOCALIZATION_PREFERS_STRING_CATALOGS = YES;
				MTL_ENABLE_DEBUG_INFO = INCLUDE_SOURCE;
				MTL_FAST_MATH = YES;
				ONLY_ACTIVE_ARCH = YES;
				SDKROOT = iphoneos;
				SWIFT_ACTIVE_COMPILATION_CONDITIONS = "DEBUG $(inherited)";
				SWIFT_OPTIMIZATION_LEVEL = "-Onone";
			};
			name = Debug;
		};
		B78BED402B35C7BF005A05C6 /* Release */ = {
			isa = XCBuildConfiguration;
			buildSettings = {
				ALWAYS_SEARCH_USER_PATHS = NO;
				ASSETCATALOG_COMPILER_GENERATE_SWIFT_ASSET_SYMBOL_EXTENSIONS = YES;
				CLANG_ANALYZER_NONNULL = YES;
				CLANG_ANALYZER_NUMBER_OBJECT_CONVERSION = YES_AGGRESSIVE;
				CLANG_CXX_LANGUAGE_STANDARD = "gnu++20";
				CLANG_ENABLE_MODULES = YES;
				CLANG_ENABLE_OBJC_ARC = YES;
				CLANG_ENABLE_OBJC_WEAK = YES;
				CLANG_WARN_BLOCK_CAPTURE_AUTORELEASING = YES;
				CLANG_WARN_BOOL_CONVERSION = YES;
				CLANG_WARN_COMMA = YES;
				CLANG_WARN_CONSTANT_CONVERSION = YES;
				CLANG_WARN_DEPRECATED_OBJC_IMPLEMENTATIONS = YES;
				CLANG_WARN_DIRECT_OBJC_ISA_USAGE = YES_ERROR;
				CLANG_WARN_DOCUMENTATION_COMMENTS = YES;
				CLANG_WARN_EMPTY_BODY = YES;
				CLANG_WARN_ENUM_CONVERSION = YES;
				CLANG_WARN_INFINITE_RECURSION = YES;
				CLANG_WARN_INT_CONVERSION = YES;
				CLANG_WARN_NON_LITERAL_NULL_CONVERSION = YES;
				CLANG_WARN_OBJC_IMPLICIT_RETAIN_SELF = YES;
				CLANG_WARN_OBJC_LITERAL_CONVERSION = YES;
				CLANG_WARN_OBJC_ROOT_CLASS = YES_ERROR;
				CLANG_WARN_QUOTED_INCLUDE_IN_FRAMEWORK_HEADER = YES;
				CLANG_WARN_RANGE_LOOP_ANALYSIS = YES;
				CLANG_WARN_STRICT_PROTOTYPES = YES;
				CLANG_WARN_SUSPICIOUS_MOVE = YES;
				CLANG_WARN_UNGUARDED_AVAILABILITY = YES_AGGRESSIVE;
				CLANG_WARN_UNREACHABLE_CODE = YES;
				CLANG_WARN__DUPLICATE_METHOD_MATCH = YES;
				COPY_PHASE_STRIP = NO;
				DEBUG_INFORMATION_FORMAT = "dwarf-with-dsym";
				ENABLE_NS_ASSERTIONS = NO;
				ENABLE_STRICT_OBJC_MSGSEND = YES;
				ENABLE_USER_SCRIPT_SANDBOXING = YES;
				GCC_C_LANGUAGE_STANDARD = gnu17;
				GCC_NO_COMMON_BLOCKS = YES;
				GCC_WARN_64_TO_32_BIT_CONVERSION = YES;
				GCC_WARN_ABOUT_RETURN_TYPE = YES_ERROR;
				GCC_WARN_UNDECLARED_SELECTOR = YES;
				GCC_WARN_UNINITIALIZED_AUTOS = YES_AGGRESSIVE;
				GCC_WARN_UNUSED_FUNCTION = YES;
				GCC_WARN_UNUSED_VARIABLE = YES;
				IPHONEOS_DEPLOYMENT_TARGET = 17.2;
				LOCALIZATION_PREFERS_STRING_CATALOGS = YES;
				MTL_ENABLE_DEBUG_INFO = NO;
				MTL_FAST_MATH = YES;
				SDKROOT = iphoneos;
				SWIFT_COMPILATION_MODE = wholemodule;
				VALIDATE_PRODUCT = YES;
			};
			name = Release;
		};
		B78BED422B35C7BF005A05C6 /* Debug */ = {
			isa = XCBuildConfiguration;
			buildSettings = {
				ASSETCATALOG_COMPILER_APPICON_NAME = AppIcon;
				ASSETCATALOG_COMPILER_GLOBAL_ACCENT_COLOR_NAME = AccentColor;
				CODE_SIGN_STYLE = Automatic;
				CURRENT_PROJECT_VERSION = 1;
				DEVELOPMENT_ASSET_PATHS = "\"FoodsFinder/Preview Content\"";
				DEVELOPMENT_TEAM = 2RC344KPBS;
				ENABLE_PREVIEWS = YES;
				GENERATE_INFOPLIST_FILE = YES;
				INFOPLIST_FILE = FoodsFinder/Info.plist;
				INFOPLIST_KEY_UIApplicationSceneManifest_Generation = YES;
				INFOPLIST_KEY_UIApplicationSupportsIndirectInputEvents = YES;
				INFOPLIST_KEY_UISupportedInterfaceOrientations = UIInterfaceOrientationPortrait;
				INFOPLIST_KEY_UISupportedInterfaceOrientations_iPad = "UIInterfaceOrientationLandscapeLeft UIInterfaceOrientationLandscapeRight UIInterfaceOrientationPortrait UIInterfaceOrientationPortraitUpsideDown";
				INFOPLIST_KEY_UIUserInterfaceStyle = Light;
				IPHONEOS_DEPLOYMENT_TARGET = 16.6;
				LD_RUNPATH_SEARCH_PATHS = (
					"$(inherited)",
					"@executable_path/Frameworks",
				);
				MARKETING_VERSION = 1.0;
				PRODUCT_BUNDLE_IDENTIFIER = com.rentarou1994.FoodsFinder;
				PRODUCT_NAME = "$(TARGET_NAME)";
				SWIFT_EMIT_LOC_STRINGS = YES;
				SWIFT_VERSION = 5.0;
				TARGETED_DEVICE_FAMILY = "1,2";
			};
			name = Debug;
		};
		B78BED432B35C7BF005A05C6 /* Release */ = {
			isa = XCBuildConfiguration;
			buildSettings = {
				ASSETCATALOG_COMPILER_APPICON_NAME = AppIcon;
				ASSETCATALOG_COMPILER_GLOBAL_ACCENT_COLOR_NAME = AccentColor;
				CODE_SIGN_STYLE = Automatic;
				CURRENT_PROJECT_VERSION = 1;
				DEVELOPMENT_ASSET_PATHS = "\"FoodsFinder/Preview Content\"";
				DEVELOPMENT_TEAM = 2RC344KPBS;
				ENABLE_PREVIEWS = YES;
				GENERATE_INFOPLIST_FILE = YES;
				INFOPLIST_FILE = FoodsFinder/Info.plist;
				INFOPLIST_KEY_UIApplicationSceneManifest_Generation = YES;
				INFOPLIST_KEY_UIApplicationSupportsIndirectInputEvents = YES;
				INFOPLIST_KEY_UISupportedInterfaceOrientations = UIInterfaceOrientationPortrait;
				INFOPLIST_KEY_UISupportedInterfaceOrientations_iPad = "UIInterfaceOrientationLandscapeLeft UIInterfaceOrientationLandscapeRight UIInterfaceOrientationPortrait UIInterfaceOrientationPortraitUpsideDown";
				INFOPLIST_KEY_UIUserInterfaceStyle = Light;
				IPHONEOS_DEPLOYMENT_TARGET = 16.6;
				LD_RUNPATH_SEARCH_PATHS = (
					"$(inherited)",
					"@executable_path/Frameworks",
				);
				MARKETING_VERSION = 1.0;
				PRODUCT_BUNDLE_IDENTIFIER = com.rentarou1994.FoodsFinder;
				PRODUCT_NAME = "$(TARGET_NAME)";
				SWIFT_EMIT_LOC_STRINGS = YES;
				SWIFT_VERSION = 5.0;
				TARGETED_DEVICE_FAMILY = "1,2";
			};
			name = Release;
		};
		B78BED452B35C7BF005A05C6 /* Debug */ = {
			isa = XCBuildConfiguration;
			buildSettings = {
				ALWAYS_EMBED_SWIFT_STANDARD_LIBRARIES = YES;
				BUNDLE_LOADER = "$(TEST_HOST)";
				CODE_SIGN_STYLE = Automatic;
				CURRENT_PROJECT_VERSION = 1;
				DEVELOPMENT_TEAM = 2RC344KPBS;
				GENERATE_INFOPLIST_FILE = YES;
				IPHONEOS_DEPLOYMENT_TARGET = 17.2;
				MARKETING_VERSION = 1.0;
				PRODUCT_BUNDLE_IDENTIFIER = com.rentarou1994.FoodsFinderTests;
				PRODUCT_NAME = "$(TARGET_NAME)";
				SWIFT_EMIT_LOC_STRINGS = NO;
				SWIFT_VERSION = 5.0;
				TARGETED_DEVICE_FAMILY = "1,2";
				TEST_HOST = "$(BUILT_PRODUCTS_DIR)/FoodsFinder.app/$(BUNDLE_EXECUTABLE_FOLDER_PATH)/FoodsFinder";
			};
			name = Debug;
		};
		B78BED462B35C7BF005A05C6 /* Release */ = {
			isa = XCBuildConfiguration;
			buildSettings = {
				ALWAYS_EMBED_SWIFT_STANDARD_LIBRARIES = YES;
				BUNDLE_LOADER = "$(TEST_HOST)";
				CODE_SIGN_STYLE = Automatic;
				CURRENT_PROJECT_VERSION = 1;
				DEVELOPMENT_TEAM = 2RC344KPBS;
				GENERATE_INFOPLIST_FILE = YES;
				IPHONEOS_DEPLOYMENT_TARGET = 17.2;
				MARKETING_VERSION = 1.0;
				PRODUCT_BUNDLE_IDENTIFIER = com.rentarou1994.FoodsFinderTests;
				PRODUCT_NAME = "$(TARGET_NAME)";
				SWIFT_EMIT_LOC_STRINGS = NO;
				SWIFT_VERSION = 5.0;
				TARGETED_DEVICE_FAMILY = "1,2";
				TEST_HOST = "$(BUILT_PRODUCTS_DIR)/FoodsFinder.app/$(BUNDLE_EXECUTABLE_FOLDER_PATH)/FoodsFinder";
			};
			name = Release;
		};
		B78BED482B35C7BF005A05C6 /* Debug */ = {
			isa = XCBuildConfiguration;
			buildSettings = {
				ALWAYS_EMBED_SWIFT_STANDARD_LIBRARIES = YES;
				CODE_SIGN_STYLE = Automatic;
				CURRENT_PROJECT_VERSION = 1;
				DEVELOPMENT_TEAM = 2RC344KPBS;
				GENERATE_INFOPLIST_FILE = YES;
				MARKETING_VERSION = 1.0;
				PRODUCT_BUNDLE_IDENTIFIER = com.rentarou1994.FoodsFinderUITests;
				PRODUCT_NAME = "$(TARGET_NAME)";
				SWIFT_EMIT_LOC_STRINGS = NO;
				SWIFT_VERSION = 5.0;
				TARGETED_DEVICE_FAMILY = "1,2";
				TEST_TARGET_NAME = FoodsFinder;
			};
			name = Debug;
		};
		B78BED492B35C7BF005A05C6 /* Release */ = {
			isa = XCBuildConfiguration;
			buildSettings = {
				ALWAYS_EMBED_SWIFT_STANDARD_LIBRARIES = YES;
				CODE_SIGN_STYLE = Automatic;
				CURRENT_PROJECT_VERSION = 1;
				DEVELOPMENT_TEAM = 2RC344KPBS;
				GENERATE_INFOPLIST_FILE = YES;
				MARKETING_VERSION = 1.0;
				PRODUCT_BUNDLE_IDENTIFIER = com.rentarou1994.FoodsFinderUITests;
				PRODUCT_NAME = "$(TARGET_NAME)";
				SWIFT_EMIT_LOC_STRINGS = NO;
				SWIFT_VERSION = 5.0;
				TARGETED_DEVICE_FAMILY = "1,2";
				TEST_TARGET_NAME = FoodsFinder;
			};
			name = Release;
		};
/* End XCBuildConfiguration section */

/* Begin XCConfigurationList section */
		B78BED182B35C7BB005A05C6 /* Build configuration list for PBXProject "FoodsFinder" */ = {
			isa = XCConfigurationList;
			buildConfigurations = (
				B78BED3F2B35C7BF005A05C6 /* Debug */,
				B78BED402B35C7BF005A05C6 /* Release */,
			);
			defaultConfigurationIsVisible = 0;
			defaultConfigurationName = Release;
		};
		B78BED412B35C7BF005A05C6 /* Build configuration list for PBXNativeTarget "FoodsFinder" */ = {
			isa = XCConfigurationList;
			buildConfigurations = (
				B78BED422B35C7BF005A05C6 /* Debug */,
				B78BED432B35C7BF005A05C6 /* Release */,
			);
			defaultConfigurationIsVisible = 0;
			defaultConfigurationName = Release;
		};
		B78BED442B35C7BF005A05C6 /* Build configuration list for PBXNativeTarget "FoodsFinderTests" */ = {
			isa = XCConfigurationList;
			buildConfigurations = (
				B78BED452B35C7BF005A05C6 /* Debug */,
				B78BED462B35C7BF005A05C6 /* Release */,
			);
			defaultConfigurationIsVisible = 0;
			defaultConfigurationName = Release;
		};
		B78BED472B35C7BF005A05C6 /* Build configuration list for PBXNativeTarget "FoodsFinderUITests" */ = {
			isa = XCConfigurationList;
			buildConfigurations = (
				B78BED482B35C7BF005A05C6 /* Debug */,
				B78BED492B35C7BF005A05C6 /* Release */,
			);
			defaultConfigurationIsVisible = 0;
			defaultConfigurationName = Release;
		};
/* End XCConfigurationList section */

/* Begin XCRemoteSwiftPackageReference section */
		B7B168442B36911000F521D9 /* XCRemoteSwiftPackageReference "PKHUD" */ = {
			isa = XCRemoteSwiftPackageReference;
			repositoryURL = "https://github.com/pkluz/PKHUD.git";
			requirement = {
				kind = upToNextMajorVersion;
				minimumVersion = 5.4.0;
			};
		};
		B7B168472B36919B00F521D9 /* XCRemoteSwiftPackageReference "Reachability" */ = {
			isa = XCRemoteSwiftPackageReference;
			repositoryURL = "https://github.com/ashleymills/Reachability.swift";
			requirement = {
				kind = upToNextMajorVersion;
				minimumVersion = 5.0.0;
			};
		};
		B7C632702B368D67006B1E4E /* XCRemoteSwiftPackageReference "firebase-ios-sdk" */ = {
			isa = XCRemoteSwiftPackageReference;
			repositoryURL = "https://github.com/firebase/firebase-ios-sdk";
			requirement = {
				kind = upToNextMajorVersion;
				minimumVersion = 10.19.1;
			};
		};
/* End XCRemoteSwiftPackageReference section */

/* Begin XCSwiftPackageProductDependency section */
		B7B1683C2B368F2100F521D9 /* FirebaseAnalytics */ = {
			isa = XCSwiftPackageProductDependency;
			package = B7C632702B368D67006B1E4E /* XCRemoteSwiftPackageReference "firebase-ios-sdk" */;
			productName = FirebaseAnalytics;
		};
		B7B1683E2B368F2900F521D9 /* FirebaseAuth */ = {
			isa = XCSwiftPackageProductDependency;
			package = B7C632702B368D67006B1E4E /* XCRemoteSwiftPackageReference "firebase-ios-sdk" */;
			productName = FirebaseAuth;
		};
		B7B168452B36911000F521D9 /* PKHUD */ = {
			isa = XCSwiftPackageProductDependency;
			package = B7B168442B36911000F521D9 /* XCRemoteSwiftPackageReference "PKHUD" */;
			productName = PKHUD;
		};
		B7B168482B36919B00F521D9 /* Reachability */ = {
			isa = XCSwiftPackageProductDependency;
			package = B7B168472B36919B00F521D9 /* XCRemoteSwiftPackageReference "Reachability" */;
			productName = Reachability;
		};
/* End XCSwiftPackageProductDependency section */
	};
	rootObject = B78BED152B35C7BB005A05C6 /* Project object */;
}
