// !$*UTF8*$!
{
	archiveVersion = 1;
	classes = {
	};
	objectVersion = 56;
	objects = {

/* Begin PBXBuildFile section */
		B76D55822D313943009A1606 /* API in Frameworks */ = {isa = PBXBuildFile; productRef = B76D55812D313943009A1606 /* API */; };
		B76D55842D313AAB009A1606 /* Entity in Frameworks */ = {isa = PBXBuildFile; productRef = B76D55832D313AAB009A1606 /* Entity */; };
		B78BED212B35C7BB005A05C6 /* FoodsFinderApp.swift in Sources */ = {isa = PBXBuildFile; fileRef = B78BED202B35C7BB005A05C6 /* FoodsFinderApp.swift */; };
		B78BED232B35C7BB005A05C6 /* ContentView.swift in Sources */ = {isa = PBXBuildFile; fileRef = B78BED222B35C7BB005A05C6 /* ContentView.swift */; };
		B78BED252B35C7BF005A05C6 /* Assets.xcassets in Resources */ = {isa = PBXBuildFile; fileRef = B78BED242B35C7BF005A05C6 /* Assets.xcassets */; };
		B78BED282B35C7BF005A05C6 /* Preview Assets.xcassets in Resources */ = {isa = PBXBuildFile; fileRef = B78BED272B35C7BF005A05C6 /* Preview Assets.xcassets */; };
		B78BED322B35C7BF005A05C6 /* FoodsFinderTests.swift in Sources */ = {isa = PBXBuildFile; fileRef = B78BED312B35C7BF005A05C6 /* FoodsFinderTests.swift */; };
		B78BED3C2B35C7BF005A05C6 /* FoodsFinderUITests.swift in Sources */ = {isa = PBXBuildFile; fileRef = B78BED3B2B35C7BF005A05C6 /* FoodsFinderUITests.swift */; };
		B78BED3E2B35C7BF005A05C6 /* FoodsFinderUITestsLaunchTests.swift in Sources */ = {isa = PBXBuildFile; fileRef = B78BED3D2B35C7BF005A05C6 /* FoodsFinderUITestsLaunchTests.swift */; };
		B7A3E7342CA450FE00E670B0 /* CocoaNetworkingProvider.swift in Sources */ = {isa = PBXBuildFile; fileRef = B7A3E7332CA450FB00E670B0 /* CocoaNetworkingProvider.swift */; };
		B7A83CF42C0AD60E00F45C5A /* OpenAnimationView.swift in Sources */ = {isa = PBXBuildFile; fileRef = B7A83CF32C0AD60E00F45C5A /* OpenAnimationView.swift */; };
		B7A83CF72C0AD7E600F45C5A /* ThumbnailView.swift in Sources */ = {isa = PBXBuildFile; fileRef = B7A83CF62C0AD7E600F45C5A /* ThumbnailView.swift */; };
		B7A83CFA2C0CB48A00F45C5A /* AppleHero.swift in Sources */ = {isa = PBXBuildFile; fileRef = B7A83CF92C0CB48A00F45C5A /* AppleHero.swift */; };
		B7B1683D2B368F2100F521D9 /* FirebaseAnalytics in Frameworks */ = {isa = PBXBuildFile; productRef = B7B1683C2B368F2100F521D9 /* FirebaseAnalytics */; };
		B7B1683F2B368F2900F521D9 /* FirebaseAuth in Frameworks */ = {isa = PBXBuildFile; productRef = B7B1683E2B368F2900F521D9 /* FirebaseAuth */; };
		B7B168412B368FA700F521D9 /* GoogleService-Info.plist in Resources */ = {isa = PBXBuildFile; fileRef = B7B168402B368FA700F521D9 /* GoogleService-Info.plist */; };
		B7B168422B368FA700F521D9 /* GoogleService-Info.plist in Resources */ = {isa = PBXBuildFile; fileRef = B7B168402B368FA700F521D9 /* GoogleService-Info.plist */; };
		B7B168432B368FA700F521D9 /* GoogleService-Info.plist in Resources */ = {isa = PBXBuildFile; fileRef = B7B168402B368FA700F521D9 /* GoogleService-Info.plist */; };
		B7B168492B36919B00F521D9 /* Reachability in Frameworks */ = {isa = PBXBuildFile; productRef = B7B168482B36919B00F521D9 /* Reachability */; };
		B7C6326B2B35D89E006B1E4E /* Constants.swift in Sources */ = {isa = PBXBuildFile; fileRef = B7C6326A2B35D89E006B1E4E /* Constants.swift */; };
		B7C97EE22BECFEDD00E9A64E /* SnapKit in Frameworks */ = {isa = PBXBuildFile; productRef = B7C97EE12BECFEDD00E9A64E /* SnapKit */; };
		B7C97EE62BEE3BC300E9A64E /* Extension.swift in Sources */ = {isa = PBXBuildFile; fileRef = B7C97EE52BEE3BC300E9A64E /* Extension.swift */; };
		B7C97EEA2BEF63D100E9A64E /* ShopsFetchViewModel.swift in Sources */ = {isa = PBXBuildFile; fileRef = B7C97EE92BEF63D100E9A64E /* ShopsFetchViewModel.swift */; };
		B7C97EED2BEF63E600E9A64E /* LoginViewModel.swift in Sources */ = {isa = PBXBuildFile; fileRef = B7C97EEC2BEF63E600E9A64E /* LoginViewModel.swift */; };
		B7C97EF02BEF640F00E9A64E /* AlertViewModel.swift in Sources */ = {isa = PBXBuildFile; fileRef = B7C97EEF2BEF640F00E9A64E /* AlertViewModel.swift */; };
		B7C97EF82BEF64B200E9A64E /* LoginModel.swift in Sources */ = {isa = PBXBuildFile; fileRef = B7C97EF52BEF64B200E9A64E /* LoginModel.swift */; };
		B7C97F062BEF65C500E9A64E /* SettingView.swift in Sources */ = {isa = PBXBuildFile; fileRef = B7C97EFA2BEF65C500E9A64E /* SettingView.swift */; };
		B7C97F072BEF65C500E9A64E /* LoginView.swift in Sources */ = {isa = PBXBuildFile; fileRef = B7C97EFC2BEF65C500E9A64E /* LoginView.swift */; };
		B7C97F082BEF65C500E9A64E /* CompleteView.swift in Sources */ = {isa = PBXBuildFile; fileRef = B7C97EFD2BEF65C500E9A64E /* CompleteView.swift */; };
		B7C97F092BEF65C500E9A64E /* SignUpView.swift in Sources */ = {isa = PBXBuildFile; fileRef = B7C97EFE2BEF65C500E9A64E /* SignUpView.swift */; };
		B7C97F0A2BEF65C500E9A64E /* EmptyView.swift in Sources */ = {isa = PBXBuildFile; fileRef = B7C97F002BEF65C500E9A64E /* EmptyView.swift */; };
		B7C97F0D2BEF65C500E9A64E /* ShopsListView.swift in Sources */ = {isa = PBXBuildFile; fileRef = B7C97F032BEF65C500E9A64E /* ShopsListView.swift */; };
		B7C97F0E2BEF65C500E9A64E /* ShopsSearchView.swift in Sources */ = {isa = PBXBuildFile; fileRef = B7C97F042BEF65C500E9A64E /* ShopsSearchView.swift */; };
		B7C97F0F2BEF65C500E9A64E /* FavoriteListView.swift in Sources */ = {isa = PBXBuildFile; fileRef = B7C97F052BEF65C500E9A64E /* FavoriteListView.swift */; };
		B7C97F182BEF66C000E9A64E /* ShopsGridViewController.swift in Sources */ = {isa = PBXBuildFile; fileRef = B7C97F152BEF66C000E9A64E /* ShopsGridViewController.swift */; };
		B7C97F192BEF66C000E9A64E /* ShopCollectionViewCell.swift in Sources */ = {isa = PBXBuildFile; fileRef = B7C97F172BEF66C000E9A64E /* ShopCollectionViewCell.swift */; };
		B7C97F1B2BF0710F00E9A64E /* ShopsGridSection.swift in Sources */ = {isa = PBXBuildFile; fileRef = B7C97F1A2BF0710F00E9A64E /* ShopsGridSection.swift */; };
		B7C97F1D2BF0716D00E9A64E /* ShopsGridView.swift in Sources */ = {isa = PBXBuildFile; fileRef = B7C97F1C2BF0716D00E9A64E /* ShopsGridView.swift */; };
		B7D4174A2B52341B002A1C24 /* NavigationPath.swift in Sources */ = {isa = PBXBuildFile; fileRef = B7D417492B52341B002A1C24 /* NavigationPath.swift */; };
		B7D4175B2B5289A2002A1C24 /* CustomAlertModifier.swift in Sources */ = {isa = PBXBuildFile; fileRef = B7D4175A2B5289A2002A1C24 /* CustomAlertModifier.swift */; };
		B7D4175D2B5289B3002A1C24 /* CustomAlertEntity.swift in Sources */ = {isa = PBXBuildFile; fileRef = B7D4175C2B5289B3002A1C24 /* CustomAlertEntity.swift */; };
		B7D417602B528BE0002A1C24 /* ValidationInteractor.swift in Sources */ = {isa = PBXBuildFile; fileRef = B7D4175F2B528BE0002A1C24 /* ValidationInteractor.swift */; };
		B7D417682B538B08002A1C24 /* AlertService.swift in Sources */ = {isa = PBXBuildFile; fileRef = B7D417672B538B08002A1C24 /* AlertService.swift */; };
		B7DB8ED92C26985500E0A555 /* ThumbnailDetailView.swift in Sources */ = {isa = PBXBuildFile; fileRef = B7DB8ED82C26984C00E0A555 /* ThumbnailDetailView.swift */; };
		B7F941192D313FBC0053BA44 /* View in Frameworks */ = {isa = PBXBuildFile; productRef = B7F941182D313FBC0053BA44 /* View */; };
		B7F9411B2D313FBF0053BA44 /* Core in Frameworks */ = {isa = PBXBuildFile; productRef = B7F9411A2D313FBF0053BA44 /* Core */; };
		B7F9510F2BF85B7600AE101A /* RootViews.swift in Sources */ = {isa = PBXBuildFile; fileRef = B7F9510E2BF85B7600AE101A /* RootViews.swift */; };
		B7F951112BF85B8600AE101A /* ChildViews.swift in Sources */ = {isa = PBXBuildFile; fileRef = B7F951102BF85B8600AE101A /* ChildViews.swift */; };
		B7F951142BF85C6000AE101A /* NavigationModifier.swift in Sources */ = {isa = PBXBuildFile; fileRef = B7F951132BF85C6000AE101A /* NavigationModifier.swift */; };
		B7F9511A2BF85D0A00AE101A /* NavigationRouter.swift in Sources */ = {isa = PBXBuildFile; fileRef = B7F951192BF85D0A00AE101A /* NavigationRouter.swift */; };
		B7F9511C2BF85DB200AE101A /* NavigationExampleTopView.swift in Sources */ = {isa = PBXBuildFile; fileRef = B7F9511B2BF85DB200AE101A /* NavigationExampleTopView.swift */; };
		B7FD6E252D7DC7C600BBDD1C /* View+Extension.swift in Sources */ = {isa = PBXBuildFile; fileRef = B7FD6E242D7DC7C200BBDD1C /* View+Extension.swift */; };
		C22FDC1B2DDB10CC0017135C /* ShopsGridView.swift in Sources */ = {isa = PBXBuildFile; fileRef = B7C97F1C2BF0716D00E9A64E /* ShopsGridView.swift */; };
		C22FDC1C2DDB10CC0017135C /* AlertService.swift in Sources */ = {isa = PBXBuildFile; fileRef = B7D417672B538B08002A1C24 /* AlertService.swift */; };
		C22FDC1D2DDB10CC0017135C /* ShopsSearchView.swift in Sources */ = {isa = PBXBuildFile; fileRef = B7C97F042BEF65C500E9A64E /* ShopsSearchView.swift */; };
		C22FDC1E2DDB10CC0017135C /* Constants.swift in Sources */ = {isa = PBXBuildFile; fileRef = B7C6326A2B35D89E006B1E4E /* Constants.swift */; };
		C22FDC1F2DDB10CC0017135C /* Extension.swift in Sources */ = {isa = PBXBuildFile; fileRef = B7C97EE52BEE3BC300E9A64E /* Extension.swift */; };
		C22FDC202DDB10CC0017135C /* ThumbnailView.swift in Sources */ = {isa = PBXBuildFile; fileRef = B7A83CF62C0AD7E600F45C5A /* ThumbnailView.swift */; };
		C22FDC212DDB10CC0017135C /* SettingView.swift in Sources */ = {isa = PBXBuildFile; fileRef = B7C97EFA2BEF65C500E9A64E /* SettingView.swift */; };
		C22FDC222DDB10CC0017135C /* LoginView.swift in Sources */ = {isa = PBXBuildFile; fileRef = B7C97EFC2BEF65C500E9A64E /* LoginView.swift */; };
		C22FDC232DDB10CC0017135C /* FavoriteListView.swift in Sources */ = {isa = PBXBuildFile; fileRef = B7C97F052BEF65C500E9A64E /* FavoriteListView.swift */; };
		C22FDC242DDB10CC0017135C /* CustomAlertModifier.swift in Sources */ = {isa = PBXBuildFile; fileRef = B7D4175A2B5289A2002A1C24 /* CustomAlertModifier.swift */; };
		C22FDC252DDB10CC0017135C /* NavigationModifier.swift in Sources */ = {isa = PBXBuildFile; fileRef = B7F951132BF85C6000AE101A /* NavigationModifier.swift */; };
		C22FDC262DDB10CC0017135C /* ShopsListView.swift in Sources */ = {isa = PBXBuildFile; fileRef = B7C97F032BEF65C500E9A64E /* ShopsListView.swift */; };
		C22FDC272DDB10CC0017135C /* SignUpView.swift in Sources */ = {isa = PBXBuildFile; fileRef = B7C97EFE2BEF65C500E9A64E /* SignUpView.swift */; };
		C22FDC282DDB10CC0017135C /* CustomAlertEntity.swift in Sources */ = {isa = PBXBuildFile; fileRef = B7D4175C2B5289B3002A1C24 /* CustomAlertEntity.swift */; };
		C22FDC292DDB10CC0017135C /* EmptyView.swift in Sources */ = {isa = PBXBuildFile; fileRef = B7C97F002BEF65C500E9A64E /* EmptyView.swift */; };
		C22FDC2A2DDB10CC0017135C /* ContentView.swift in Sources */ = {isa = PBXBuildFile; fileRef = B78BED222B35C7BB005A05C6 /* ContentView.swift */; };
		C22FDC2B2DDB10CC0017135C /* CocoaNetworkingProvider.swift in Sources */ = {isa = PBXBuildFile; fileRef = B7A3E7332CA450FB00E670B0 /* CocoaNetworkingProvider.swift */; };
		C22FDC2C2DDB10CC0017135C /* ChildViews.swift in Sources */ = {isa = PBXBuildFile; fileRef = B7F951102BF85B8600AE101A /* ChildViews.swift */; };
		C22FDC2D2DDB10CC0017135C /* LoginViewModel.swift in Sources */ = {isa = PBXBuildFile; fileRef = B7C97EEC2BEF63E600E9A64E /* LoginViewModel.swift */; };
		C22FDC2E2DDB10CC0017135C /* AlertViewModel.swift in Sources */ = {isa = PBXBuildFile; fileRef = B7C97EEF2BEF640F00E9A64E /* AlertViewModel.swift */; };
		C22FDC2F2DDB10CC0017135C /* ShopsFetchViewModel.swift in Sources */ = {isa = PBXBuildFile; fileRef = B7C97EE92BEF63D100E9A64E /* ShopsFetchViewModel.swift */; };
		C22FDC302DDB10CC0017135C /* OpenAnimationView.swift in Sources */ = {isa = PBXBuildFile; fileRef = B7A83CF32C0AD60E00F45C5A /* OpenAnimationView.swift */; };
		C22FDC312DDB10CC0017135C /* LoginModel.swift in Sources */ = {isa = PBXBuildFile; fileRef = B7C97EF52BEF64B200E9A64E /* LoginModel.swift */; };
		C22FDC322DDB10CC0017135C /* NavigationRouter.swift in Sources */ = {isa = PBXBuildFile; fileRef = B7F951192BF85D0A00AE101A /* NavigationRouter.swift */; };
		C22FDC332DDB10CC0017135C /* FoodsFinderApp.swift in Sources */ = {isa = PBXBuildFile; fileRef = B78BED202B35C7BB005A05C6 /* FoodsFinderApp.swift */; };
		C22FDC342DDB10CC0017135C /* NavigationPath.swift in Sources */ = {isa = PBXBuildFile; fileRef = B7D417492B52341B002A1C24 /* NavigationPath.swift */; };
		C22FDC352DDB10CC0017135C /* RootViews.swift in Sources */ = {isa = PBXBuildFile; fileRef = B7F9510E2BF85B7600AE101A /* RootViews.swift */; };
		C22FDC362DDB10CC0017135C /* ThumbnailDetailView.swift in Sources */ = {isa = PBXBuildFile; fileRef = B7DB8ED82C26984C00E0A555 /* ThumbnailDetailView.swift */; };
		C22FDC372DDB10CC0017135C /* ShopCollectionViewCell.swift in Sources */ = {isa = PBXBuildFile; fileRef = B7C97F172BEF66C000E9A64E /* ShopCollectionViewCell.swift */; };
		C22FDC382DDB10CC0017135C /* CompleteView.swift in Sources */ = {isa = PBXBuildFile; fileRef = B7C97EFD2BEF65C500E9A64E /* CompleteView.swift */; };
		C22FDC392DDB10CC0017135C /* ValidationInteractor.swift in Sources */ = {isa = PBXBuildFile; fileRef = B7D4175F2B528BE0002A1C24 /* ValidationInteractor.swift */; };
		C22FDC3A2DDB10CC0017135C /* AppleHero.swift in Sources */ = {isa = PBXBuildFile; fileRef = B7A83CF92C0CB48A00F45C5A /* AppleHero.swift */; };
		C22FDC3B2DDB10CC0017135C /* ShopsGridSection.swift in Sources */ = {isa = PBXBuildFile; fileRef = B7C97F1A2BF0710F00E9A64E /* ShopsGridSection.swift */; };
		C22FDC3C2DDB10CC0017135C /* NavigationExampleTopView.swift in Sources */ = {isa = PBXBuildFile; fileRef = B7F9511B2BF85DB200AE101A /* NavigationExampleTopView.swift */; };
		C22FDC3D2DDB10CC0017135C /* View+Extension.swift in Sources */ = {isa = PBXBuildFile; fileRef = B7FD6E242D7DC7C200BBDD1C /* View+Extension.swift */; };
		C22FDC3E2DDB10CC0017135C /* ShopsGridViewController.swift in Sources */ = {isa = PBXBuildFile; fileRef = B7C97F152BEF66C000E9A64E /* ShopsGridViewController.swift */; };
		C22FDC402DDB10CC0017135C /* API in Frameworks */ = {isa = PBXBuildFile; productRef = C22FDC162DDB10CC0017135C /* API */; };
		C22FDC412DDB10CC0017135C /* Core in Frameworks */ = {isa = PBXBuildFile; productRef = C22FDC192DDB10CC0017135C /* Core */; };
		C22FDC422DDB10CC0017135C /* View in Frameworks */ = {isa = PBXBuildFile; productRef = C22FDC182DDB10CC0017135C /* View */; };
		C22FDC432DDB10CC0017135C /* Entity in Frameworks */ = {isa = PBXBuildFile; productRef = C22FDC172DDB10CC0017135C /* Entity */; };
		C22FDC442DDB10CC0017135C /* Reachability in Frameworks */ = {isa = PBXBuildFile; productRef = C22FDC122DDB10CC0017135C /* Reachability */; };
		C22FDC452DDB10CC0017135C /* FirebaseAnalytics in Frameworks */ = {isa = PBXBuildFile; productRef = C22FDC0F2DDB10CC0017135C /* FirebaseAnalytics */; };
		C22FDC462DDB10CC0017135C /* FirebaseAuth in Frameworks */ = {isa = PBXBuildFile; productRef = C22FDC112DDB10CC0017135C /* FirebaseAuth */; };
		C22FDC472DDB10CC0017135C /* SnapKit in Frameworks */ = {isa = PBXBuildFile; productRef = C22FDC142DDB10CC0017135C /* SnapKit */; };
		C22FDC492DDB10CC0017135C /* Preview Assets.xcassets in Resources */ = {isa = PBXBuildFile; fileRef = B78BED272B35C7BF005A05C6 /* Preview Assets.xcassets */; };
		C22FDC4A2DDB10CC0017135C /* Assets.xcassets in Resources */ = {isa = PBXBuildFile; fileRef = B78BED242B35C7BF005A05C6 /* Assets.xcassets */; };
		C22FDC4B2DDB10CC0017135C /* GoogleService-Info.plist in Resources */ = {isa = PBXBuildFile; fileRef = B7B168402B368FA700F521D9 /* GoogleService-Info.plist */; };
		C22FDC5E2DDB10F00017135C /* ShopsGridView.swift in Sources */ = {isa = PBXBuildFile; fileRef = B7C97F1C2BF0716D00E9A64E /* ShopsGridView.swift */; };
		C22FDC5F2DDB10F00017135C /* AlertService.swift in Sources */ = {isa = PBXBuildFile; fileRef = B7D417672B538B08002A1C24 /* AlertService.swift */; };
		C22FDC602DDB10F00017135C /* ShopsSearchView.swift in Sources */ = {isa = PBXBuildFile; fileRef = B7C97F042BEF65C500E9A64E /* ShopsSearchView.swift */; };
		C22FDC612DDB10F00017135C /* Constants.swift in Sources */ = {isa = PBXBuildFile; fileRef = B7C6326A2B35D89E006B1E4E /* Constants.swift */; };
		C22FDC622DDB10F00017135C /* Extension.swift in Sources */ = {isa = PBXBuildFile; fileRef = B7C97EE52BEE3BC300E9A64E /* Extension.swift */; };
		C22FDC632DDB10F00017135C /* ThumbnailView.swift in Sources */ = {isa = PBXBuildFile; fileRef = B7A83CF62C0AD7E600F45C5A /* ThumbnailView.swift */; };
		C22FDC642DDB10F00017135C /* SettingView.swift in Sources */ = {isa = PBXBuildFile; fileRef = B7C97EFA2BEF65C500E9A64E /* SettingView.swift */; };
		C22FDC652DDB10F00017135C /* LoginView.swift in Sources */ = {isa = PBXBuildFile; fileRef = B7C97EFC2BEF65C500E9A64E /* LoginView.swift */; };
		C22FDC662DDB10F00017135C /* FavoriteListView.swift in Sources */ = {isa = PBXBuildFile; fileRef = B7C97F052BEF65C500E9A64E /* FavoriteListView.swift */; };
		C22FDC672DDB10F00017135C /* CustomAlertModifier.swift in Sources */ = {isa = PBXBuildFile; fileRef = B7D4175A2B5289A2002A1C24 /* CustomAlertModifier.swift */; };
		C22FDC682DDB10F00017135C /* NavigationModifier.swift in Sources */ = {isa = PBXBuildFile; fileRef = B7F951132BF85C6000AE101A /* NavigationModifier.swift */; };
		C22FDC692DDB10F00017135C /* ShopsListView.swift in Sources */ = {isa = PBXBuildFile; fileRef = B7C97F032BEF65C500E9A64E /* ShopsListView.swift */; };
		C22FDC6A2DDB10F00017135C /* SignUpView.swift in Sources */ = {isa = PBXBuildFile; fileRef = B7C97EFE2BEF65C500E9A64E /* SignUpView.swift */; };
		C22FDC6B2DDB10F00017135C /* CustomAlertEntity.swift in Sources */ = {isa = PBXBuildFile; fileRef = B7D4175C2B5289B3002A1C24 /* CustomAlertEntity.swift */; };
		C22FDC6C2DDB10F00017135C /* EmptyView.swift in Sources */ = {isa = PBXBuildFile; fileRef = B7C97F002BEF65C500E9A64E /* EmptyView.swift */; };
		C22FDC6D2DDB10F00017135C /* ContentView.swift in Sources */ = {isa = PBXBuildFile; fileRef = B78BED222B35C7BB005A05C6 /* ContentView.swift */; };
		C22FDC6E2DDB10F00017135C /* CocoaNetworkingProvider.swift in Sources */ = {isa = PBXBuildFile; fileRef = B7A3E7332CA450FB00E670B0 /* CocoaNetworkingProvider.swift */; };
		C22FDC6F2DDB10F00017135C /* ChildViews.swift in Sources */ = {isa = PBXBuildFile; fileRef = B7F951102BF85B8600AE101A /* ChildViews.swift */; };
		C22FDC702DDB10F00017135C /* LoginViewModel.swift in Sources */ = {isa = PBXBuildFile; fileRef = B7C97EEC2BEF63E600E9A64E /* LoginViewModel.swift */; };
		C22FDC712DDB10F00017135C /* AlertViewModel.swift in Sources */ = {isa = PBXBuildFile; fileRef = B7C97EEF2BEF640F00E9A64E /* AlertViewModel.swift */; };
		C22FDC722DDB10F00017135C /* ShopsFetchViewModel.swift in Sources */ = {isa = PBXBuildFile; fileRef = B7C97EE92BEF63D100E9A64E /* ShopsFetchViewModel.swift */; };
		C22FDC732DDB10F00017135C /* OpenAnimationView.swift in Sources */ = {isa = PBXBuildFile; fileRef = B7A83CF32C0AD60E00F45C5A /* OpenAnimationView.swift */; };
		C22FDC742DDB10F00017135C /* LoginModel.swift in Sources */ = {isa = PBXBuildFile; fileRef = B7C97EF52BEF64B200E9A64E /* LoginModel.swift */; };
		C22FDC752DDB10F00017135C /* NavigationRouter.swift in Sources */ = {isa = PBXBuildFile; fileRef = B7F951192BF85D0A00AE101A /* NavigationRouter.swift */; };
		C22FDC762DDB10F00017135C /* FoodsFinderApp.swift in Sources */ = {isa = PBXBuildFile; fileRef = B78BED202B35C7BB005A05C6 /* FoodsFinderApp.swift */; };
		C22FDC772DDB10F00017135C /* NavigationPath.swift in Sources */ = {isa = PBXBuildFile; fileRef = B7D417492B52341B002A1C24 /* NavigationPath.swift */; };
		C22FDC782DDB10F00017135C /* RootViews.swift in Sources */ = {isa = PBXBuildFile; fileRef = B7F9510E2BF85B7600AE101A /* RootViews.swift */; };
		C22FDC792DDB10F00017135C /* ThumbnailDetailView.swift in Sources */ = {isa = PBXBuildFile; fileRef = B7DB8ED82C26984C00E0A555 /* ThumbnailDetailView.swift */; };
		C22FDC7A2DDB10F00017135C /* ShopCollectionViewCell.swift in Sources */ = {isa = PBXBuildFile; fileRef = B7C97F172BEF66C000E9A64E /* ShopCollectionViewCell.swift */; };
		C22FDC7B2DDB10F00017135C /* CompleteView.swift in Sources */ = {isa = PBXBuildFile; fileRef = B7C97EFD2BEF65C500E9A64E /* CompleteView.swift */; };
		C22FDC7C2DDB10F00017135C /* ValidationInteractor.swift in Sources */ = {isa = PBXBuildFile; fileRef = B7D4175F2B528BE0002A1C24 /* ValidationInteractor.swift */; };
		C22FDC7D2DDB10F00017135C /* AppleHero.swift in Sources */ = {isa = PBXBuildFile; fileRef = B7A83CF92C0CB48A00F45C5A /* AppleHero.swift */; };
		C22FDC7E2DDB10F00017135C /* ShopsGridSection.swift in Sources */ = {isa = PBXBuildFile; fileRef = B7C97F1A2BF0710F00E9A64E /* ShopsGridSection.swift */; };
		C22FDC7F2DDB10F00017135C /* NavigationExampleTopView.swift in Sources */ = {isa = PBXBuildFile; fileRef = B7F9511B2BF85DB200AE101A /* NavigationExampleTopView.swift */; };
		C22FDC802DDB10F00017135C /* View+Extension.swift in Sources */ = {isa = PBXBuildFile; fileRef = B7FD6E242D7DC7C200BBDD1C /* View+Extension.swift */; };
		C22FDC812DDB10F00017135C /* ShopsGridViewController.swift in Sources */ = {isa = PBXBuildFile; fileRef = B7C97F152BEF66C000E9A64E /* ShopsGridViewController.swift */; };
		C22FDC832DDB10F00017135C /* API in Frameworks */ = {isa = PBXBuildFile; productRef = C22FDC592DDB10F00017135C /* API */; };
		C22FDC842DDB10F00017135C /* Core in Frameworks */ = {isa = PBXBuildFile; productRef = C22FDC5C2DDB10F00017135C /* Core */; };
		C22FDC852DDB10F00017135C /* View in Frameworks */ = {isa = PBXBuildFile; productRef = C22FDC5B2DDB10F00017135C /* View */; };
		C22FDC862DDB10F00017135C /* Entity in Frameworks */ = {isa = PBXBuildFile; productRef = C22FDC5A2DDB10F00017135C /* Entity */; };
		C22FDC872DDB10F00017135C /* Reachability in Frameworks */ = {isa = PBXBuildFile; productRef = C22FDC552DDB10F00017135C /* Reachability */; };
		C22FDC882DDB10F00017135C /* FirebaseAnalytics in Frameworks */ = {isa = PBXBuildFile; productRef = C22FDC522DDB10F00017135C /* FirebaseAnalytics */; };
		C22FDC892DDB10F00017135C /* FirebaseAuth in Frameworks */ = {isa = PBXBuildFile; productRef = C22FDC542DDB10F00017135C /* FirebaseAuth */; };
		C22FDC8A2DDB10F00017135C /* SnapKit in Frameworks */ = {isa = PBXBuildFile; productRef = C22FDC572DDB10F00017135C /* SnapKit */; };
		C22FDC8C2DDB10F00017135C /* Preview Assets.xcassets in Resources */ = {isa = PBXBuildFile; fileRef = B78BED272B35C7BF005A05C6 /* Preview Assets.xcassets */; };
		C22FDC8D2DDB10F00017135C /* Assets.xcassets in Resources */ = {isa = PBXBuildFile; fileRef = B78BED242B35C7BF005A05C6 /* Assets.xcassets */; };
		C22FDC8E2DDB10F00017135C /* GoogleService-Info.plist in Resources */ = {isa = PBXBuildFile; fileRef = B7B168402B368FA700F521D9 /* GoogleService-Info.plist */; };
/* End PBXBuildFile section */

/* Begin PBXContainerItemProxy section */
		B78BED2E2B35C7BF005A05C6 /* PBXContainerItemProxy */ = {
			isa = PBXContainerItemProxy;
			containerPortal = B78BED152B35C7BB005A05C6 /* Project object */;
			proxyType = 1;
			remoteGlobalIDString = B78BED1C2B35C7BB005A05C6;
			remoteInfo = FoodsFinder;
		};
		B78BED382B35C7BF005A05C6 /* PBXContainerItemProxy */ = {
			isa = PBXContainerItemProxy;
			containerPortal = B78BED152B35C7BB005A05C6 /* Project object */;
			proxyType = 1;
			remoteGlobalIDString = B78BED1C2B35C7BB005A05C6;
			remoteInfo = FoodsFinder;
		};
/* End PBXContainerItemProxy section */

/* Begin PBXFileReference section */
		B78BED1D2B35C7BB005A05C6 /* FoodsFinder.app */ = {isa = PBXFileReference; explicitFileType = wrapper.application; includeInIndex = 0; path = FoodsFinder.app; sourceTree = BUILT_PRODUCTS_DIR; };
		B78BED202B35C7BB005A05C6 /* FoodsFinderApp.swift */ = {isa = PBXFileReference; lastKnownFileType = sourcecode.swift; path = FoodsFinderApp.swift; sourceTree = "<group>"; };
		B78BED222B35C7BB005A05C6 /* ContentView.swift */ = {isa = PBXFileReference; lastKnownFileType = sourcecode.swift; path = ContentView.swift; sourceTree = "<group>"; };
		B78BED242B35C7BF005A05C6 /* Assets.xcassets */ = {isa = PBXFileReference; lastKnownFileType = folder.assetcatalog; path = Assets.xcassets; sourceTree = "<group>"; };
		B78BED272B35C7BF005A05C6 /* Preview Assets.xcassets */ = {isa = PBXFileReference; lastKnownFileType = folder.assetcatalog; path = "Preview Assets.xcassets"; sourceTree = "<group>"; };
		B78BED2D2B35C7BF005A05C6 /* FoodsFinderTests.xctest */ = {isa = PBXFileReference; explicitFileType = wrapper.cfbundle; includeInIndex = 0; path = FoodsFinderTests.xctest; sourceTree = BUILT_PRODUCTS_DIR; };
		B78BED312B35C7BF005A05C6 /* FoodsFinderTests.swift */ = {isa = PBXFileReference; lastKnownFileType = sourcecode.swift; path = FoodsFinderTests.swift; sourceTree = "<group>"; };
		B78BED372B35C7BF005A05C6 /* FoodsFinderUITests.xctest */ = {isa = PBXFileReference; explicitFileType = wrapper.cfbundle; includeInIndex = 0; path = FoodsFinderUITests.xctest; sourceTree = BUILT_PRODUCTS_DIR; };
		B78BED3B2B35C7BF005A05C6 /* FoodsFinderUITests.swift */ = {isa = PBXFileReference; lastKnownFileType = sourcecode.swift; path = FoodsFinderUITests.swift; sourceTree = "<group>"; };
		B78BED3D2B35C7BF005A05C6 /* FoodsFinderUITestsLaunchTests.swift */ = {isa = PBXFileReference; lastKnownFileType = sourcecode.swift; path = FoodsFinderUITestsLaunchTests.swift; sourceTree = "<group>"; };
		B7A3E7332CA450FB00E670B0 /* CocoaNetworkingProvider.swift */ = {isa = PBXFileReference; lastKnownFileType = sourcecode.swift; path = CocoaNetworkingProvider.swift; sourceTree = "<group>"; };
		B7A83CF32C0AD60E00F45C5A /* OpenAnimationView.swift */ = {isa = PBXFileReference; lastKnownFileType = sourcecode.swift; path = OpenAnimationView.swift; sourceTree = "<group>"; };
		B7A83CF62C0AD7E600F45C5A /* ThumbnailView.swift */ = {isa = PBXFileReference; lastKnownFileType = sourcecode.swift; path = ThumbnailView.swift; sourceTree = "<group>"; };
		B7A83CF92C0CB48A00F45C5A /* AppleHero.swift */ = {isa = PBXFileReference; lastKnownFileType = sourcecode.swift; path = AppleHero.swift; sourceTree = "<group>"; };
		B7B168402B368FA700F521D9 /* GoogleService-Info.plist */ = {isa = PBXFileReference; fileEncoding = 4; lastKnownFileType = text.plist.xml; path = "GoogleService-Info.plist"; sourceTree = "<group>"; };
		B7B1684E2B369A9200F521D9 /* Info.plist */ = {isa = PBXFileReference; lastKnownFileType = text.plist; path = Info.plist; sourceTree = "<group>"; };
		B7C6326A2B35D89E006B1E4E /* Constants.swift */ = {isa = PBXFileReference; lastKnownFileType = sourcecode.swift; path = Constants.swift; sourceTree = "<group>"; };
		B7C97EE52BEE3BC300E9A64E /* Extension.swift */ = {isa = PBXFileReference; lastKnownFileType = sourcecode.swift; path = Extension.swift; sourceTree = "<group>"; };
		B7C97EE92BEF63D100E9A64E /* ShopsFetchViewModel.swift */ = {isa = PBXFileReference; fileEncoding = 4; lastKnownFileType = sourcecode.swift; path = ShopsFetchViewModel.swift; sourceTree = "<group>"; };
		B7C97EEC2BEF63E600E9A64E /* LoginViewModel.swift */ = {isa = PBXFileReference; fileEncoding = 4; lastKnownFileType = sourcecode.swift; path = LoginViewModel.swift; sourceTree = "<group>"; };
		B7C97EEF2BEF640F00E9A64E /* AlertViewModel.swift */ = {isa = PBXFileReference; fileEncoding = 4; lastKnownFileType = sourcecode.swift; path = AlertViewModel.swift; sourceTree = "<group>"; };
		B7C97EF52BEF64B200E9A64E /* LoginModel.swift */ = {isa = PBXFileReference; fileEncoding = 4; lastKnownFileType = sourcecode.swift; path = LoginModel.swift; sourceTree = "<group>"; };
		B7C97EFA2BEF65C500E9A64E /* SettingView.swift */ = {isa = PBXFileReference; fileEncoding = 4; lastKnownFileType = sourcecode.swift; path = SettingView.swift; sourceTree = "<group>"; };
		B7C97EFC2BEF65C500E9A64E /* LoginView.swift */ = {isa = PBXFileReference; fileEncoding = 4; lastKnownFileType = sourcecode.swift; path = LoginView.swift; sourceTree = "<group>"; };
		B7C97EFD2BEF65C500E9A64E /* CompleteView.swift */ = {isa = PBXFileReference; fileEncoding = 4; lastKnownFileType = sourcecode.swift; path = CompleteView.swift; sourceTree = "<group>"; };
		B7C97EFE2BEF65C500E9A64E /* SignUpView.swift */ = {isa = PBXFileReference; fileEncoding = 4; lastKnownFileType = sourcecode.swift; path = SignUpView.swift; sourceTree = "<group>"; };
		B7C97F002BEF65C500E9A64E /* EmptyView.swift */ = {isa = PBXFileReference; fileEncoding = 4; lastKnownFileType = sourcecode.swift; path = EmptyView.swift; sourceTree = "<group>"; };
		B7C97F032BEF65C500E9A64E /* ShopsListView.swift */ = {isa = PBXFileReference; fileEncoding = 4; lastKnownFileType = sourcecode.swift; path = ShopsListView.swift; sourceTree = "<group>"; };
		B7C97F042BEF65C500E9A64E /* ShopsSearchView.swift */ = {isa = PBXFileReference; fileEncoding = 4; lastKnownFileType = sourcecode.swift; path = ShopsSearchView.swift; sourceTree = "<group>"; };
		B7C97F052BEF65C500E9A64E /* FavoriteListView.swift */ = {isa = PBXFileReference; fileEncoding = 4; lastKnownFileType = sourcecode.swift; path = FavoriteListView.swift; sourceTree = "<group>"; };
		B7C97F152BEF66C000E9A64E /* ShopsGridViewController.swift */ = {isa = PBXFileReference; fileEncoding = 4; lastKnownFileType = sourcecode.swift; path = ShopsGridViewController.swift; sourceTree = "<group>"; };
		B7C97F172BEF66C000E9A64E /* ShopCollectionViewCell.swift */ = {isa = PBXFileReference; fileEncoding = 4; lastKnownFileType = sourcecode.swift; path = ShopCollectionViewCell.swift; sourceTree = "<group>"; };
		B7C97F1A2BF0710F00E9A64E /* ShopsGridSection.swift */ = {isa = PBXFileReference; lastKnownFileType = sourcecode.swift; path = ShopsGridSection.swift; sourceTree = "<group>"; };
		B7C97F1C2BF0716D00E9A64E /* ShopsGridView.swift */ = {isa = PBXFileReference; lastKnownFileType = sourcecode.swift; path = ShopsGridView.swift; sourceTree = "<group>"; };
		B7D417492B52341B002A1C24 /* NavigationPath.swift */ = {isa = PBXFileReference; lastKnownFileType = sourcecode.swift; path = NavigationPath.swift; sourceTree = "<group>"; };
		B7D4175A2B5289A2002A1C24 /* CustomAlertModifier.swift */ = {isa = PBXFileReference; lastKnownFileType = sourcecode.swift; path = CustomAlertModifier.swift; sourceTree = "<group>"; };
		B7D4175C2B5289B3002A1C24 /* CustomAlertEntity.swift */ = {isa = PBXFileReference; lastKnownFileType = sourcecode.swift; path = CustomAlertEntity.swift; sourceTree = "<group>"; };
		B7D4175F2B528BE0002A1C24 /* ValidationInteractor.swift */ = {isa = PBXFileReference; lastKnownFileType = sourcecode.swift; path = ValidationInteractor.swift; sourceTree = "<group>"; };
		B7D417672B538B08002A1C24 /* AlertService.swift */ = {isa = PBXFileReference; lastKnownFileType = sourcecode.swift; path = AlertService.swift; sourceTree = "<group>"; };
		B7DB8ED82C26984C00E0A555 /* ThumbnailDetailView.swift */ = {isa = PBXFileReference; lastKnownFileType = sourcecode.swift; path = ThumbnailDetailView.swift; sourceTree = "<group>"; };
		B7F9510E2BF85B7600AE101A /* RootViews.swift */ = {isa = PBXFileReference; lastKnownFileType = sourcecode.swift; path = RootViews.swift; sourceTree = "<group>"; };
		B7F951102BF85B8600AE101A /* ChildViews.swift */ = {isa = PBXFileReference; lastKnownFileType = sourcecode.swift; path = ChildViews.swift; sourceTree = "<group>"; };
		B7F951132BF85C6000AE101A /* NavigationModifier.swift */ = {isa = PBXFileReference; lastKnownFileType = sourcecode.swift; path = NavigationModifier.swift; sourceTree = "<group>"; };
		B7F951192BF85D0A00AE101A /* NavigationRouter.swift */ = {isa = PBXFileReference; lastKnownFileType = sourcecode.swift; path = NavigationRouter.swift; sourceTree = "<group>"; };
		B7F9511B2BF85DB200AE101A /* NavigationExampleTopView.swift */ = {isa = PBXFileReference; lastKnownFileType = sourcecode.swift; path = NavigationExampleTopView.swift; sourceTree = "<group>"; };
		B7FB28D72D23850C0062FF6A /* FoodsFinderPackage */ = {isa = PBXFileReference; lastKnownFileType = wrapper; path = FoodsFinderPackage; sourceTree = "<group>"; };
		B7FD6E242D7DC7C200BBDD1C /* View+Extension.swift */ = {isa = PBXFileReference; lastKnownFileType = sourcecode.swift; path = "View+Extension.swift"; sourceTree = "<group>"; };
		C22FDC4F2DDB10CC0017135C /* FFSwift6Mode.app */ = {isa = PBXFileReference; explicitFileType = wrapper.application; includeInIndex = 0; path = FFSwift6Mode.app; sourceTree = BUILT_PRODUCTS_DIR; };
		C22FDC922DDB10F00017135C /* FFSwift6.app */ = {isa = PBXFileReference; explicitFileType = wrapper.application; includeInIndex = 0; path = FFSwift6.app; sourceTree = BUILT_PRODUCTS_DIR; };
/* End PBXFileReference section */

/* Begin PBXFrameworksBuildPhase section */
		B78BED1A2B35C7BB005A05C6 /* Frameworks */ = {
			isa = PBXFrameworksBuildPhase;
			buildActionMask = 2147483647;
			files = (
				B76D55822D313943009A1606 /* API in Frameworks */,
				B7F9411B2D313FBF0053BA44 /* Core in Frameworks */,
				B7F941192D313FBC0053BA44 /* View in Frameworks */,
				B76D55842D313AAB009A1606 /* Entity in Frameworks */,
				B7B168492B36919B00F521D9 /* Reachability in Frameworks */,
				B7B1683D2B368F2100F521D9 /* FirebaseAnalytics in Frameworks */,
				B7B1683F2B368F2900F521D9 /* FirebaseAuth in Frameworks */,
				B7C97EE22BECFEDD00E9A64E /* SnapKit in Frameworks */,
			);
			runOnlyForDeploymentPostprocessing = 0;
		};
		B78BED2A2B35C7BF005A05C6 /* Frameworks */ = {
			isa = PBXFrameworksBuildPhase;
			buildActionMask = 2147483647;
			files = (
			);
			runOnlyForDeploymentPostprocessing = 0;
		};
		B78BED342B35C7BF005A05C6 /* Frameworks */ = {
			isa = PBXFrameworksBuildPhase;
			buildActionMask = 2147483647;
			files = (
			);
			runOnlyForDeploymentPostprocessing = 0;
		};
		C22FDC3F2DDB10CC0017135C /* Frameworks */ = {
			isa = PBXFrameworksBuildPhase;
			buildActionMask = 2147483647;
			files = (
				C22FDC402DDB10CC0017135C /* API in Frameworks */,
				C22FDC412DDB10CC0017135C /* Core in Frameworks */,
				C22FDC422DDB10CC0017135C /* View in Frameworks */,
				C22FDC432DDB10CC0017135C /* Entity in Frameworks */,
				C22FDC442DDB10CC0017135C /* Reachability in Frameworks */,
				C22FDC452DDB10CC0017135C /* FirebaseAnalytics in Frameworks */,
				C22FDC462DDB10CC0017135C /* FirebaseAuth in Frameworks */,
				C22FDC472DDB10CC0017135C /* SnapKit in Frameworks */,
			);
			runOnlyForDeploymentPostprocessing = 0;
		};
		C22FDC822DDB10F00017135C /* Frameworks */ = {
			isa = PBXFrameworksBuildPhase;
			buildActionMask = 2147483647;
			files = (
				C22FDC832DDB10F00017135C /* API in Frameworks */,
				C22FDC842DDB10F00017135C /* Core in Frameworks */,
				C22FDC852DDB10F00017135C /* View in Frameworks */,
				C22FDC862DDB10F00017135C /* Entity in Frameworks */,
				C22FDC872DDB10F00017135C /* Reachability in Frameworks */,
				C22FDC882DDB10F00017135C /* FirebaseAnalytics in Frameworks */,
				C22FDC892DDB10F00017135C /* FirebaseAuth in Frameworks */,
				C22FDC8A2DDB10F00017135C /* SnapKit in Frameworks */,
			);
			runOnlyForDeploymentPostprocessing = 0;
		};
/* End PBXFrameworksBuildPhase section */

/* Begin PBXGroup section */
		B78BED142B35C7BB005A05C6 = {
			isa = PBXGroup;
			children = (
				B7FB28D72D23850C0062FF6A /* FoodsFinderPackage */,
				B78BED1F2B35C7BB005A05C6 /* FoodsFinder */,
				B78BED302B35C7BF005A05C6 /* FoodsFinderTests */,
				B78BED3A2B35C7BF005A05C6 /* FoodsFinderUITests */,
				B78BED1E2B35C7BB005A05C6 /* Products */,
				B7B1683B2B368F2100F521D9 /* Frameworks */,
			);
			sourceTree = "<group>";
		};
		B78BED1E2B35C7BB005A05C6 /* Products */ = {
			isa = PBXGroup;
			children = (
				B78BED1D2B35C7BB005A05C6 /* FoodsFinder.app */,
				B78BED2D2B35C7BF005A05C6 /* FoodsFinderTests.xctest */,
				B78BED372B35C7BF005A05C6 /* FoodsFinderUITests.xctest */,
				C22FDC4F2DDB10CC0017135C /* FFSwift6Mode.app */,
				C22FDC922DDB10F00017135C /* FFSwift6.app */,
			);
			name = Products;
			sourceTree = "<group>";
		};
		B78BED1F2B35C7BB005A05C6 /* FoodsFinder */ = {
			isa = PBXGroup;
			children = (
				B78BED202B35C7BB005A05C6 /* FoodsFinderApp.swift */,
				B78BED4C2B35C8B0005A05C6 /* Models */,
				B78BED4B2B35C8A4005A05C6 /* ViewModels */,
				B7F951122BF85C3A00AE101A /* Modifiers */,
				B78BED4A2B35C89C005A05C6 /* Views */,
				B7C97ED72BECF86800E9A64E /* UIKit */,
				B7D417482B5233E5002A1C24 /* Navigation */,
				B7D4175E2B528BC1002A1C24 /* Interactor */,
				B7D417592B528992002A1C24 /* Alert */,
				B7C6325E2B35CE40006B1E4E /* Util */,
				B78BED242B35C7BF005A05C6 /* Assets.xcassets */,
				B7B1684E2B369A9200F521D9 /* Info.plist */,
				B7B168402B368FA700F521D9 /* GoogleService-Info.plist */,
				B78BED262B35C7BF005A05C6 /* Preview Content */,
			);
			path = FoodsFinder;
			sourceTree = "<group>";
		};
		B78BED262B35C7BF005A05C6 /* Preview Content */ = {
			isa = PBXGroup;
			children = (
				B78BED272B35C7BF005A05C6 /* Preview Assets.xcassets */,
			);
			path = "Preview Content";
			sourceTree = "<group>";
		};
		B78BED302B35C7BF005A05C6 /* FoodsFinderTests */ = {
			isa = PBXGroup;
			children = (
				B78BED312B35C7BF005A05C6 /* FoodsFinderTests.swift */,
			);
			path = FoodsFinderTests;
			sourceTree = "<group>";
		};
		B78BED3A2B35C7BF005A05C6 /* FoodsFinderUITests */ = {
			isa = PBXGroup;
			children = (
				B78BED3B2B35C7BF005A05C6 /* FoodsFinderUITests.swift */,
				B78BED3D2B35C7BF005A05C6 /* FoodsFinderUITestsLaunchTests.swift */,
			);
			path = FoodsFinderUITests;
			sourceTree = "<group>";
		};
		B78BED4A2B35C89C005A05C6 /* Views */ = {
			isa = PBXGroup;
			children = (
				B78BED222B35C7BB005A05C6 /* ContentView.swift */,
				B7F9510D2BF85B3E00AE101A /* NavigationExample */,
				B7C97EFF2BEF65C500E9A64E /* ShopsSearch */,
				B7A83CF52C0AD61500F45C5A /* OpenAnimation */,
				B7C97EFB2BEF65C500E9A64E /* Login */,
				B7C97EF92BEF65C500E9A64E /* Setting */,
				B7C97F102BEF661D00E9A64E /* Extension */,
			);
			path = Views;
			sourceTree = "<group>";
		};
		B78BED4B2B35C8A4005A05C6 /* ViewModels */ = {
			isa = PBXGroup;
			children = (
				B7A3E7302CA450A500E670B0 /* App */,
				B7C97EE82BEF63D100E9A64E /* ShopsSearch */,
				B7C97EEE2BEF640F00E9A64E /* UI */,
				B7F951182BF85CF100AE101A /* NavigationExample */,
				B7C97EEB2BEF63E600E9A64E /* Login */,
			);
			path = ViewModels;
			sourceTree = "<group>";
		};
		B78BED4C2B35C8B0005A05C6 /* Models */ = {
			isa = PBXGroup;
			children = (
				B7A83CF82C0CB47A00F45C5A /* OpenAnimation */,
				B7C97EF12BEF64B200E9A64E /* ShopsSearch */,
				B7C97EF42BEF64B200E9A64E /* Login */,
			);
			path = Models;
			sourceTree = "<group>";
		};
		B7A3E7302CA450A500E670B0 /* App */ = {
			isa = PBXGroup;
			children = (
				B7A3E7332CA450FB00E670B0 /* CocoaNetworkingProvider.swift */,
			);
			path = App;
			sourceTree = "<group>";
		};
		B7A83CF52C0AD61500F45C5A /* OpenAnimation */ = {
			isa = PBXGroup;
			children = (
				B7A83CF32C0AD60E00F45C5A /* OpenAnimationView.swift */,
				B7A83CF62C0AD7E600F45C5A /* ThumbnailView.swift */,
				B7DB8ED82C26984C00E0A555 /* ThumbnailDetailView.swift */,
			);
			path = OpenAnimation;
			sourceTree = "<group>";
		};
		B7A83CF82C0CB47A00F45C5A /* OpenAnimation */ = {
			isa = PBXGroup;
			children = (
				B7A83CF92C0CB48A00F45C5A /* AppleHero.swift */,
			);
			path = OpenAnimation;
			sourceTree = "<group>";
		};
		B7B1683B2B368F2100F521D9 /* Frameworks */ = {
			isa = PBXGroup;
			children = (
			);
			name = Frameworks;
			sourceTree = "<group>";
		};
		B7C6325E2B35CE40006B1E4E /* Util */ = {
			isa = PBXGroup;
			children = (
				B7C6326A2B35D89E006B1E4E /* Constants.swift */,
				B7C97EE52BEE3BC300E9A64E /* Extension.swift */,
			);
			path = Util;
			sourceTree = "<group>";
		};
		B7C97ED72BECF86800E9A64E /* UIKit */ = {
			isa = PBXGroup;
			children = (
				B7C97F132BEF66C000E9A64E /* ShopsSearch */,
			);
			path = UIKit;
			sourceTree = "<group>";
		};
		B7C97EE82BEF63D100E9A64E /* ShopsSearch */ = {
			isa = PBXGroup;
			children = (
				B7C97EE92BEF63D100E9A64E /* ShopsFetchViewModel.swift */,
			);
			path = ShopsSearch;
			sourceTree = "<group>";
		};
		B7C97EEB2BEF63E600E9A64E /* Login */ = {
			isa = PBXGroup;
			children = (
				B7C97EEC2BEF63E600E9A64E /* LoginViewModel.swift */,
			);
			path = Login;
			sourceTree = "<group>";
		};
		B7C97EEE2BEF640F00E9A64E /* UI */ = {
			isa = PBXGroup;
			children = (
				B7C97EEF2BEF640F00E9A64E /* AlertViewModel.swift */,
			);
			path = UI;
			sourceTree = "<group>";
		};
		B7C97EF12BEF64B200E9A64E /* ShopsSearch */ = {
			isa = PBXGroup;
			children = (
				B7C97F1A2BF0710F00E9A64E /* ShopsGridSection.swift */,
			);
			path = ShopsSearch;
			sourceTree = "<group>";
		};
		B7C97EF42BEF64B200E9A64E /* Login */ = {
			isa = PBXGroup;
			children = (
				B7C97EF52BEF64B200E9A64E /* LoginModel.swift */,
			);
			path = Login;
			sourceTree = "<group>";
		};
		B7C97EF92BEF65C500E9A64E /* Setting */ = {
			isa = PBXGroup;
			children = (
				B7C97EFA2BEF65C500E9A64E /* SettingView.swift */,
			);
			path = Setting;
			sourceTree = "<group>";
		};
		B7C97EFB2BEF65C500E9A64E /* Login */ = {
			isa = PBXGroup;
			children = (
				B7C97EFC2BEF65C500E9A64E /* LoginView.swift */,
				B7C97EFD2BEF65C500E9A64E /* CompleteView.swift */,
				B7C97EFE2BEF65C500E9A64E /* SignUpView.swift */,
			);
			path = Login;
			sourceTree = "<group>";
		};
		B7C97EFF2BEF65C500E9A64E /* ShopsSearch */ = {
			isa = PBXGroup;
			children = (
				B7C97F032BEF65C500E9A64E /* ShopsListView.swift */,
				B7C97F1C2BF0716D00E9A64E /* ShopsGridView.swift */,
				B7C97F002BEF65C500E9A64E /* EmptyView.swift */,
				B7C97F052BEF65C500E9A64E /* FavoriteListView.swift */,
				B7C97F042BEF65C500E9A64E /* ShopsSearchView.swift */,
			);
			path = ShopsSearch;
			sourceTree = "<group>";
		};
		B7C97F102BEF661D00E9A64E /* Extension */ = {
			isa = PBXGroup;
			children = (
				B7FD6E242D7DC7C200BBDD1C /* View+Extension.swift */,
			);
			path = Extension;
			sourceTree = "<group>";
		};
		B7C97F132BEF66C000E9A64E /* ShopsSearch */ = {
			isa = PBXGroup;
			children = (
				B7C97F152BEF66C000E9A64E /* ShopsGridViewController.swift */,
				B7C97F172BEF66C000E9A64E /* ShopCollectionViewCell.swift */,
			);
			path = ShopsSearch;
			sourceTree = "<group>";
		};
		B7D417482B5233E5002A1C24 /* Navigation */ = {
			isa = PBXGroup;
			children = (
				B7D417492B52341B002A1C24 /* NavigationPath.swift */,
			);
			path = Navigation;
			sourceTree = "<group>";
		};
		B7D417592B528992002A1C24 /* Alert */ = {
			isa = PBXGroup;
			children = (
				B7D4175A2B5289A2002A1C24 /* CustomAlertModifier.swift */,
				B7D4175C2B5289B3002A1C24 /* CustomAlertEntity.swift */,
			);
			path = Alert;
			sourceTree = "<group>";
		};
		B7D4175E2B528BC1002A1C24 /* Interactor */ = {
			isa = PBXGroup;
			children = (
				B7D4175F2B528BE0002A1C24 /* ValidationInteractor.swift */,
				B7D417672B538B08002A1C24 /* AlertService.swift */,
			);
			path = Interactor;
			sourceTree = "<group>";
		};
		B7F9510D2BF85B3E00AE101A /* NavigationExample */ = {
			isa = PBXGroup;
			children = (
				B7F9511B2BF85DB200AE101A /* NavigationExampleTopView.swift */,
				B7F9510E2BF85B7600AE101A /* RootViews.swift */,
				B7F951102BF85B8600AE101A /* ChildViews.swift */,
			);
			path = NavigationExample;
			sourceTree = "<group>";
		};
		B7F951122BF85C3A00AE101A /* Modifiers */ = {
			isa = PBXGroup;
			children = (
				B7F951132BF85C6000AE101A /* NavigationModifier.swift */,
			);
			path = Modifiers;
			sourceTree = "<group>";
		};
		B7F951182BF85CF100AE101A /* NavigationExample */ = {
			isa = PBXGroup;
			children = (
				B7F951192BF85D0A00AE101A /* NavigationRouter.swift */,
			);
			path = NavigationExample;
			sourceTree = "<group>";
		};
/* End PBXGroup section */

/* Begin PBXNativeTarget section */
		B78BED1C2B35C7BB005A05C6 /* FoodsFinder */ = {
			isa = PBXNativeTarget;
			buildConfigurationList = B78BED412B35C7BF005A05C6 /* Build configuration list for PBXNativeTarget "FoodsFinder" */;
			buildPhases = (
				B78BED192B35C7BB005A05C6 /* Sources */,
				B78BED1A2B35C7BB005A05C6 /* Frameworks */,
				B78BED1B2B35C7BB005A05C6 /* Resources */,
			);
			buildRules = (
			);
			dependencies = (
			);
			name = FoodsFinder;
			packageProductDependencies = (
				B7B1683C2B368F2100F521D9 /* FirebaseAnalytics */,
				B7B1683E2B368F2900F521D9 /* FirebaseAuth */,
				B7B168482B36919B00F521D9 /* Reachability */,
				B7C97EE12BECFEDD00E9A64E /* SnapKit */,
				B76D55812D313943009A1606 /* API */,
				B76D55832D313AAB009A1606 /* Entity */,
				B7F941182D313FBC0053BA44 /* View */,
				B7F9411A2D313FBF0053BA44 /* Core */,
			);
			productName = FoodsFinder;
			productReference = B78BED1D2B35C7BB005A05C6 /* FoodsFinder.app */;
			productType = "com.apple.product-type.application";
		};
		B78BED2C2B35C7BF005A05C6 /* FoodsFinderTests */ = {
			isa = PBXNativeTarget;
			buildConfigurationList = B78BED442B35C7BF005A05C6 /* Build configuration list for PBXNativeTarget "FoodsFinderTests" */;
			buildPhases = (
				B78BED292B35C7BF005A05C6 /* Sources */,
				B78BED2A2B35C7BF005A05C6 /* Frameworks */,
				B78BED2B2B35C7BF005A05C6 /* Resources */,
			);
			buildRules = (
			);
			dependencies = (
				B78BED2F2B35C7BF005A05C6 /* PBXTargetDependency */,
			);
			name = FoodsFinderTests;
			productName = FoodsFinderTests;
			productReference = B78BED2D2B35C7BF005A05C6 /* FoodsFinderTests.xctest */;
			productType = "com.apple.product-type.bundle.unit-test";
		};
		B78BED362B35C7BF005A05C6 /* FoodsFinderUITests */ = {
			isa = PBXNativeTarget;
			buildConfigurationList = B78BED472B35C7BF005A05C6 /* Build configuration list for PBXNativeTarget "FoodsFinderUITests" */;
			buildPhases = (
				B78BED332B35C7BF005A05C6 /* Sources */,
				B78BED342B35C7BF005A05C6 /* Frameworks */,
				B78BED352B35C7BF005A05C6 /* Resources */,
			);
			buildRules = (
			);
			dependencies = (
				B78BED392B35C7BF005A05C6 /* PBXTargetDependency */,
			);
			name = FoodsFinderUITests;
			productName = FoodsFinderUITests;
			productReference = B78BED372B35C7BF005A05C6 /* FoodsFinderUITests.xctest */;
			productType = "com.apple.product-type.bundle.ui-testing";
		};
		C22FDC0E2DDB10CC0017135C /* FFSwift6Mode */ = {
			isa = PBXNativeTarget;
			buildConfigurationList = C22FDC4C2DDB10CC0017135C /* Build configuration list for PBXNativeTarget "FFSwift6Mode" */;
			buildPhases = (
				C22FDC1A2DDB10CC0017135C /* Sources */,
				C22FDC3F2DDB10CC0017135C /* Frameworks */,
				C22FDC482DDB10CC0017135C /* Resources */,
			);
			buildRules = (
			);
			dependencies = (
			);
			name = FFSwift6Mode;
			packageProductDependencies = (
				C22FDC0F2DDB10CC0017135C /* FirebaseAnalytics */,
				C22FDC112DDB10CC0017135C /* FirebaseAuth */,
				C22FDC122DDB10CC0017135C /* Reachability */,
				C22FDC142DDB10CC0017135C /* SnapKit */,
				C22FDC162DDB10CC0017135C /* API */,
				C22FDC172DDB10CC0017135C /* Entity */,
				C22FDC182DDB10CC0017135C /* View */,
				C22FDC192DDB10CC0017135C /* Core */,
			);
			productName = FoodsFinder;
			productReference = C22FDC4F2DDB10CC0017135C /* FFSwift6Mode.app */;
			productType = "com.apple.product-type.application";
		};
		C22FDC512DDB10F00017135C /* FFSwift6 */ = {
			isa = PBXNativeTarget;
			buildConfigurationList = C22FDC8F2DDB10F00017135C /* Build configuration list for PBXNativeTarget "FFSwift6" */;
			buildPhases = (
				C22FDC5D2DDB10F00017135C /* Sources */,
				C22FDC822DDB10F00017135C /* Frameworks */,
				C22FDC8B2DDB10F00017135C /* Resources */,
			);
			buildRules = (
			);
			dependencies = (
			);
			name = FFSwift6;
			packageProductDependencies = (
				C22FDC522DDB10F00017135C /* FirebaseAnalytics */,
				C22FDC542DDB10F00017135C /* FirebaseAuth */,
				C22FDC552DDB10F00017135C /* Reachability */,
				C22FDC572DDB10F00017135C /* SnapKit */,
				C22FDC592DDB10F00017135C /* API */,
				C22FDC5A2DDB10F00017135C /* Entity */,
				C22FDC5B2DDB10F00017135C /* View */,
				C22FDC5C2DDB10F00017135C /* Core */,
			);
			productName = FoodsFinder;
			productReference = C22FDC922DDB10F00017135C /* FFSwift6.app */;
			productType = "com.apple.product-type.application";
		};
/* End PBXNativeTarget section */

/* Begin PBXProject section */
		B78BED152B35C7BB005A05C6 /* Project object */ = {
			isa = PBXProject;
			attributes = {
				BuildIndependentTargetsInParallel = 1;
				LastSwiftUpdateCheck = 1510;
				LastUpgradeCheck = 1620;
				TargetAttributes = {
					B78BED1C2B35C7BB005A05C6 = {
						CreatedOnToolsVersion = 15.1;
					};
					B78BED2C2B35C7BF005A05C6 = {
						CreatedOnToolsVersion = 15.1;
						TestTargetID = B78BED1C2B35C7BB005A05C6;
					};
					B78BED362B35C7BF005A05C6 = {
						CreatedOnToolsVersion = 15.1;
						TestTargetID = B78BED1C2B35C7BB005A05C6;
					};
				};
			};
			buildConfigurationList = B78BED182B35C7BB005A05C6 /* Build configuration list for PBXProject "FoodsFinder" */;
			compatibilityVersion = "Xcode 14.0";
			developmentRegion = en;
			hasScannedForEncodings = 0;
			knownRegions = (
				en,
				Base,
			);
			mainGroup = B78BED142B35C7BB005A05C6;
			packageReferences = (
				B7C632702B368D67006B1E4E /* XCRemoteSwiftPackageReference "firebase-ios-sdk" */,
				B7B168472B36919B00F521D9 /* XCRemoteSwiftPackageReference "Reachability" */,
				B7C97EE02BECFEDD00E9A64E /* XCRemoteSwiftPackageReference "SnapKit" */,
			);
			productRefGroup = B78BED1E2B35C7BB005A05C6 /* Products */;
			projectDirPath = "";
			projectRoot = "";
			targets = (
				B78BED1C2B35C7BB005A05C6 /* FoodsFinder */,
				C22FDC0E2DDB10CC0017135C /* FFSwift6Mode */,
				C22FDC512DDB10F00017135C /* FFSwift6 */,
				B78BED2C2B35C7BF005A05C6 /* FoodsFinderTests */,
				B78BED362B35C7BF005A05C6 /* FoodsFinderUITests */,
			);
		};
/* End PBXProject section */

/* Begin PBXResourcesBuildPhase section */
		B78BED1B2B35C7BB005A05C6 /* Resources */ = {
			isa = PBXResourcesBuildPhase;
			buildActionMask = 2147483647;
			files = (
				B78BED282B35C7BF005A05C6 /* Preview Assets.xcassets in Resources */,
				B78BED252B35C7BF005A05C6 /* Assets.xcassets in Resources */,
				B7B168412B368FA700F521D9 /* GoogleService-Info.plist in Resources */,
			);
			runOnlyForDeploymentPostprocessing = 0;
		};
		B78BED2B2B35C7BF005A05C6 /* Resources */ = {
			isa = PBXResourcesBuildPhase;
			buildActionMask = 2147483647;
			files = (
				B7B168422B368FA700F521D9 /* GoogleService-Info.plist in Resources */,
			);
			runOnlyForDeploymentPostprocessing = 0;
		};
		B78BED352B35C7BF005A05C6 /* Resources */ = {
			isa = PBXResourcesBuildPhase;
			buildActionMask = 2147483647;
			files = (
				B7B168432B368FA700F521D9 /* GoogleService-Info.plist in Resources */,
			);
			runOnlyForDeploymentPostprocessing = 0;
		};
		C22FDC482DDB10CC0017135C /* Resources */ = {
			isa = PBXResourcesBuildPhase;
			buildActionMask = 2147483647;
			files = (
				C22FDC492DDB10CC0017135C /* Preview Assets.xcassets in Resources */,
				C22FDC4A2DDB10CC0017135C /* Assets.xcassets in Resources */,
				C22FDC4B2DDB10CC0017135C /* GoogleService-Info.plist in Resources */,
			);
			runOnlyForDeploymentPostprocessing = 0;
		};
		C22FDC8B2DDB10F00017135C /* Resources */ = {
			isa = PBXResourcesBuildPhase;
			buildActionMask = 2147483647;
			files = (
				C22FDC8C2DDB10F00017135C /* Preview Assets.xcassets in Resources */,
				C22FDC8D2DDB10F00017135C /* Assets.xcassets in Resources */,
				C22FDC8E2DDB10F00017135C /* GoogleService-Info.plist in Resources */,
			);
			runOnlyForDeploymentPostprocessing = 0;
		};
/* End PBXResourcesBuildPhase section */

/* Begin PBXSourcesBuildPhase section */
		B78BED192B35C7BB005A05C6 /* Sources */ = {
			isa = PBXSourcesBuildPhase;
			buildActionMask = 2147483647;
			files = (
				B7C97F1D2BF0716D00E9A64E /* ShopsGridView.swift in Sources */,
				B7D417682B538B08002A1C24 /* AlertService.swift in Sources */,
				B7C97F0E2BEF65C500E9A64E /* ShopsSearchView.swift in Sources */,
				B7C6326B2B35D89E006B1E4E /* Constants.swift in Sources */,
				B7C97EE62BEE3BC300E9A64E /* Extension.swift in Sources */,
				B7A83CF72C0AD7E600F45C5A /* ThumbnailView.swift in Sources */,
				B7C97F062BEF65C500E9A64E /* SettingView.swift in Sources */,
				B7C97F072BEF65C500E9A64E /* LoginView.swift in Sources */,
				B7C97F0F2BEF65C500E9A64E /* FavoriteListView.swift in Sources */,
				B7D4175B2B5289A2002A1C24 /* CustomAlertModifier.swift in Sources */,
				B7F951142BF85C6000AE101A /* NavigationModifier.swift in Sources */,
				B7C97F0D2BEF65C500E9A64E /* ShopsListView.swift in Sources */,
				B7C97F092BEF65C500E9A64E /* SignUpView.swift in Sources */,
				B7D4175D2B5289B3002A1C24 /* CustomAlertEntity.swift in Sources */,
				B7C97F0A2BEF65C500E9A64E /* EmptyView.swift in Sources */,
				B78BED232B35C7BB005A05C6 /* ContentView.swift in Sources */,
				B7A3E7342CA450FE00E670B0 /* CocoaNetworkingProvider.swift in Sources */,
				B7F951112BF85B8600AE101A /* ChildViews.swift in Sources */,
				B7C97EED2BEF63E600E9A64E /* LoginViewModel.swift in Sources */,
				B7C97EF02BEF640F00E9A64E /* AlertViewModel.swift in Sources */,
				B7C97EEA2BEF63D100E9A64E /* ShopsFetchViewModel.swift in Sources */,
				B7A83CF42C0AD60E00F45C5A /* OpenAnimationView.swift in Sources */,
				B7C97EF82BEF64B200E9A64E /* LoginModel.swift in Sources */,
				B7F9511A2BF85D0A00AE101A /* NavigationRouter.swift in Sources */,
				B78BED212B35C7BB005A05C6 /* FoodsFinderApp.swift in Sources */,
				B7D4174A2B52341B002A1C24 /* NavigationPath.swift in Sources */,
				B7F9510F2BF85B7600AE101A /* RootViews.swift in Sources */,
				B7DB8ED92C26985500E0A555 /* ThumbnailDetailView.swift in Sources */,
				B7C97F192BEF66C000E9A64E /* ShopCollectionViewCell.swift in Sources */,
				B7C97F082BEF65C500E9A64E /* CompleteView.swift in Sources */,
				B7D417602B528BE0002A1C24 /* ValidationInteractor.swift in Sources */,
				B7A83CFA2C0CB48A00F45C5A /* AppleHero.swift in Sources */,
				B7C97F1B2BF0710F00E9A64E /* ShopsGridSection.swift in Sources */,
				B7F9511C2BF85DB200AE101A /* NavigationExampleTopView.swift in Sources */,
				B7FD6E252D7DC7C600BBDD1C /* View+Extension.swift in Sources */,
				B7C97F182BEF66C000E9A64E /* ShopsGridViewController.swift in Sources */,
			);
			runOnlyForDeploymentPostprocessing = 0;
		};
		B78BED292B35C7BF005A05C6 /* Sources */ = {
			isa = PBXSourcesBuildPhase;
			buildActionMask = 2147483647;
			files = (
				B78BED322B35C7BF005A05C6 /* FoodsFinderTests.swift in Sources */,
			);
			runOnlyForDeploymentPostprocessing = 0;
		};
		B78BED332B35C7BF005A05C6 /* Sources */ = {
			isa = PBXSourcesBuildPhase;
			buildActionMask = 2147483647;
			files = (
				B78BED3E2B35C7BF005A05C6 /* FoodsFinderUITestsLaunchTests.swift in Sources */,
				B78BED3C2B35C7BF005A05C6 /* FoodsFinderUITests.swift in Sources */,
			);
			runOnlyForDeploymentPostprocessing = 0;
		};
		C22FDC1A2DDB10CC0017135C /* Sources */ = {
			isa = PBXSourcesBuildPhase;
			buildActionMask = 2147483647;
			files = (
				C22FDC1B2DDB10CC0017135C /* ShopsGridView.swift in Sources */,
				C22FDC1C2DDB10CC0017135C /* AlertService.swift in Sources */,
				C22FDC1D2DDB10CC0017135C /* ShopsSearchView.swift in Sources */,
				C22FDC1E2DDB10CC0017135C /* Constants.swift in Sources */,
				C22FDC1F2DDB10CC0017135C /* Extension.swift in Sources */,
				C22FDC202DDB10CC0017135C /* ThumbnailView.swift in Sources */,
				C22FDC212DDB10CC0017135C /* SettingView.swift in Sources */,
				C22FDC222DDB10CC0017135C /* LoginView.swift in Sources */,
				C22FDC232DDB10CC0017135C /* FavoriteListView.swift in Sources */,
				C22FDC242DDB10CC0017135C /* CustomAlertModifier.swift in Sources */,
				C22FDC252DDB10CC0017135C /* NavigationModifier.swift in Sources */,
				C22FDC262DDB10CC0017135C /* ShopsListView.swift in Sources */,
				C22FDC272DDB10CC0017135C /* SignUpView.swift in Sources */,
				C22FDC282DDB10CC0017135C /* CustomAlertEntity.swift in Sources */,
				C22FDC292DDB10CC0017135C /* EmptyView.swift in Sources */,
				C22FDC2A2DDB10CC0017135C /* ContentView.swift in Sources */,
				C22FDC2B2DDB10CC0017135C /* CocoaNetworkingProvider.swift in Sources */,
				C22FDC2C2DDB10CC0017135C /* ChildViews.swift in Sources */,
				C22FDC2D2DDB10CC0017135C /* LoginViewModel.swift in Sources */,
				C22FDC2E2DDB10CC0017135C /* AlertViewModel.swift in Sources */,
				C22FDC2F2DDB10CC0017135C /* ShopsFetchViewModel.swift in Sources */,
				C22FDC302DDB10CC0017135C /* OpenAnimationView.swift in Sources */,
				C22FDC312DDB10CC0017135C /* LoginModel.swift in Sources */,
				C22FDC322DDB10CC0017135C /* NavigationRouter.swift in Sources */,
				C22FDC332DDB10CC0017135C /* FoodsFinderApp.swift in Sources */,
				C22FDC342DDB10CC0017135C /* NavigationPath.swift in Sources */,
				C22FDC352DDB10CC0017135C /* RootViews.swift in Sources */,
				C22FDC362DDB10CC0017135C /* ThumbnailDetailView.swift in Sources */,
				C22FDC372DDB10CC0017135C /* ShopCollectionViewCell.swift in Sources */,
				C22FDC382DDB10CC0017135C /* CompleteView.swift in Sources */,
				C22FDC392DDB10CC0017135C /* ValidationInteractor.swift in Sources */,
				C22FDC3A2DDB10CC0017135C /* AppleHero.swift in Sources */,
				C22FDC3B2DDB10CC0017135C /* ShopsGridSection.swift in Sources */,
				C22FDC3C2DDB10CC0017135C /* NavigationExampleTopView.swift in Sources */,
				C22FDC3D2DDB10CC0017135C /* View+Extension.swift in Sources */,
				C22FDC3E2DDB10CC0017135C /* ShopsGridViewController.swift in Sources */,
			);
			runOnlyForDeploymentPostprocessing = 0;
		};
		C22FDC5D2DDB10F00017135C /* Sources */ = {
			isa = PBXSourcesBuildPhase;
			buildActionMask = 2147483647;
			files = (
				C22FDC5E2DDB10F00017135C /* ShopsGridView.swift in Sources */,
				C22FDC5F2DDB10F00017135C /* AlertService.swift in Sources */,
				C22FDC602DDB10F00017135C /* ShopsSearchView.swift in Sources */,
				C22FDC612DDB10F00017135C /* Constants.swift in Sources */,
				C22FDC622DDB10F00017135C /* Extension.swift in Sources */,
				C22FDC632DDB10F00017135C /* ThumbnailView.swift in Sources */,
				C22FDC642DDB10F00017135C /* SettingView.swift in Sources */,
				C22FDC652DDB10F00017135C /* LoginView.swift in Sources */,
				C22FDC662DDB10F00017135C /* FavoriteListView.swift in Sources */,
				C22FDC672DDB10F00017135C /* CustomAlertModifier.swift in Sources */,
				C22FDC682DDB10F00017135C /* NavigationModifier.swift in Sources */,
				C22FDC692DDB10F00017135C /* ShopsListView.swift in Sources */,
				C22FDC6A2DDB10F00017135C /* SignUpView.swift in Sources */,
				C22FDC6B2DDB10F00017135C /* CustomAlertEntity.swift in Sources */,
				C22FDC6C2DDB10F00017135C /* EmptyView.swift in Sources */,
				C22FDC6D2DDB10F00017135C /* ContentView.swift in Sources */,
				C22FDC6E2DDB10F00017135C /* CocoaNetworkingProvider.swift in Sources */,
				C22FDC6F2DDB10F00017135C /* ChildViews.swift in Sources */,
				C22FDC702DDB10F00017135C /* LoginViewModel.swift in Sources */,
				C22FDC712DDB10F00017135C /* AlertViewModel.swift in Sources */,
				C22FDC722DDB10F00017135C /* ShopsFetchViewModel.swift in Sources */,
				C22FDC732DDB10F00017135C /* OpenAnimationView.swift in Sources */,
				C22FDC742DDB10F00017135C /* LoginModel.swift in Sources */,
				C22FDC752DDB10F00017135C /* NavigationRouter.swift in Sources */,
				C22FDC762DDB10F00017135C /* FoodsFinderApp.swift in Sources */,
				C22FDC772DDB10F00017135C /* NavigationPath.swift in Sources */,
				C22FDC782DDB10F00017135C /* RootViews.swift in Sources */,
				C22FDC792DDB10F00017135C /* ThumbnailDetailView.swift in Sources */,
				C22FDC7A2DDB10F00017135C /* ShopCollectionViewCell.swift in Sources */,
				C22FDC7B2DDB10F00017135C /* CompleteView.swift in Sources */,
				C22FDC7C2DDB10F00017135C /* ValidationInteractor.swift in Sources */,
				C22FDC7D2DDB10F00017135C /* AppleHero.swift in Sources */,
				C22FDC7E2DDB10F00017135C /* ShopsGridSection.swift in Sources */,
				C22FDC7F2DDB10F00017135C /* NavigationExampleTopView.swift in Sources */,
				C22FDC802DDB10F00017135C /* View+Extension.swift in Sources */,
				C22FDC812DDB10F00017135C /* ShopsGridViewController.swift in Sources */,
			);
			runOnlyForDeploymentPostprocessing = 0;
		};
/* End PBXSourcesBuildPhase section */

/* Begin PBXTargetDependency section */
		B78BED2F2B35C7BF005A05C6 /* PBXTargetDependency */ = {
			isa = PBXTargetDependency;
			target = B78BED1C2B35C7BB005A05C6 /* FoodsFinder */;
			targetProxy = B78BED2E2B35C7BF005A05C6 /* PBXContainerItemProxy */;
		};
		B78BED392B35C7BF005A05C6 /* PBXTargetDependency */ = {
			isa = PBXTargetDependency;
			target = B78BED1C2B35C7BB005A05C6 /* FoodsFinder */;
			targetProxy = B78BED382B35C7BF005A05C6 /* PBXContainerItemProxy */;
		};
/* End PBXTargetDependency section */

/* Begin XCBuildConfiguration section */
		B78BED3F2B35C7BF005A05C6 /* Debug */ = {
			isa = XCBuildConfiguration;
			buildSettings = {
				ALWAYS_SEARCH_USER_PATHS = NO;
				ASSETCATALOG_COMPILER_GENERATE_SWIFT_ASSET_SYMBOL_EXTENSIONS = YES;
				CLANG_ANALYZER_NONNULL = YES;
				CLANG_ANALYZER_NUMBER_OBJECT_CONVERSION = YES_AGGRESSIVE;
				CLANG_CXX_LANGUAGE_STANDARD = "gnu++20";
				CLANG_ENABLE_MODULES = YES;
				CLANG_ENABLE_OBJC_ARC = YES;
				CLANG_ENABLE_OBJC_WEAK = YES;
				CLANG_WARN_BLOCK_CAPTURE_AUTORELEASING = YES;
				CLANG_WARN_BOOL_CONVERSION = YES;
				CLANG_WARN_COMMA = YES;
				CLANG_WARN_CONSTANT_CONVERSION = YES;
				CLANG_WARN_DEPRECATED_OBJC_IMPLEMENTATIONS = YES;
				CLANG_WARN_DIRECT_OBJC_ISA_USAGE = YES_ERROR;
				CLANG_WARN_DOCUMENTATION_COMMENTS = YES;
				CLANG_WARN_EMPTY_BODY = YES;
				CLANG_WARN_ENUM_CONVERSION = YES;
				CLANG_WARN_INFINITE_RECURSION = YES;
				CLANG_WARN_INT_CONVERSION = YES;
				CLANG_WARN_NON_LITERAL_NULL_CONVERSION = YES;
				CLANG_WARN_OBJC_IMPLICIT_RETAIN_SELF = YES;
				CLANG_WARN_OBJC_LITERAL_CONVERSION = YES;
				CLANG_WARN_OBJC_ROOT_CLASS = YES_ERROR;
				CLANG_WARN_QUOTED_INCLUDE_IN_FRAMEWORK_HEADER = YES;
				CLANG_WARN_RANGE_LOOP_ANALYSIS = YES;
				CLANG_WARN_STRICT_PROTOTYPES = YES;
				CLANG_WARN_SUSPICIOUS_MOVE = YES;
				CLANG_WARN_UNGUARDED_AVAILABILITY = YES_AGGRESSIVE;
				CLANG_WARN_UNREACHABLE_CODE = YES;
				CLANG_WARN__DUPLICATE_METHOD_MATCH = YES;
				COPY_PHASE_STRIP = NO;
				DEBUG_INFORMATION_FORMAT = dwarf;
				ENABLE_STRICT_OBJC_MSGSEND = YES;
				ENABLE_TESTABILITY = YES;
				ENABLE_USER_SCRIPT_SANDBOXING = YES;
				GCC_C_LANGUAGE_STANDARD = gnu17;
				GCC_DYNAMIC_NO_PIC = NO;
				GCC_NO_COMMON_BLOCKS = YES;
				GCC_OPTIMIZATION_LEVEL = 0;
				GCC_PREPROCESSOR_DEFINITIONS = (
					"DEBUG=1",
					"$(inherited)",
				);
				GCC_WARN_64_TO_32_BIT_CONVERSION = YES;
				GCC_WARN_ABOUT_RETURN_TYPE = YES_ERROR;
				GCC_WARN_UNDECLARED_SELECTOR = YES;
				GCC_WARN_UNINITIALIZED_AUTOS = YES_AGGRESSIVE;
				GCC_WARN_UNUSED_FUNCTION = YES;
				GCC_WARN_UNUSED_VARIABLE = YES;
				IPHONEOS_DEPLOYMENT_TARGET = 17.2;
				LOCALIZATION_PREFERS_STRING_CATALOGS = YES;
				MTL_ENABLE_DEBUG_INFO = INCLUDE_SOURCE;
				MTL_FAST_MATH = YES;
				ONLY_ACTIVE_ARCH = YES;
				SDKROOT = iphoneos;
				SWIFT_ACTIVE_COMPILATION_CONDITIONS = "DEBUG $(inherited)";
				SWIFT_OPTIMIZATION_LEVEL = "-Onone";
			};
			name = Debug;
		};
		B78BED402B35C7BF005A05C6 /* Release */ = {
			isa = XCBuildConfiguration;
			buildSettings = {
				ALWAYS_SEARCH_USER_PATHS = NO;
				ASSETCATALOG_COMPILER_GENERATE_SWIFT_ASSET_SYMBOL_EXTENSIONS = YES;
				CLANG_ANALYZER_NONNULL = YES;
				CLANG_ANALYZER_NUMBER_OBJECT_CONVERSION = YES_AGGRESSIVE;
				CLANG_CXX_LANGUAGE_STANDARD = "gnu++20";
				CLANG_ENABLE_MODULES = YES;
				CLANG_ENABLE_OBJC_ARC = YES;
				CLANG_ENABLE_OBJC_WEAK = YES;
				CLANG_WARN_BLOCK_CAPTURE_AUTORELEASING = YES;
				CLANG_WARN_BOOL_CONVERSION = YES;
				CLANG_WARN_COMMA = YES;
				CLANG_WARN_CONSTANT_CONVERSION = YES;
				CLANG_WARN_DEPRECATED_OBJC_IMPLEMENTATIONS = YES;
				CLANG_WARN_DIRECT_OBJC_ISA_USAGE = YES_ERROR;
				CLANG_WARN_DOCUMENTATION_COMMENTS = YES;
				CLANG_WARN_EMPTY_BODY = YES;
				CLANG_WARN_ENUM_CONVERSION = YES;
				CLANG_WARN_INFINITE_RECURSION = YES;
				CLANG_WARN_INT_CONVERSION = YES;
				CLANG_WARN_NON_LITERAL_NULL_CONVERSION = YES;
				CLANG_WARN_OBJC_IMPLICIT_RETAIN_SELF = YES;
				CLANG_WARN_OBJC_LITERAL_CONVERSION = YES;
				CLANG_WARN_OBJC_ROOT_CLASS = YES_ERROR;
				CLANG_WARN_QUOTED_INCLUDE_IN_FRAMEWORK_HEADER = YES;
				CLANG_WARN_RANGE_LOOP_ANALYSIS = YES;
				CLANG_WARN_STRICT_PROTOTYPES = YES;
				CLANG_WARN_SUSPICIOUS_MOVE = YES;
				CLANG_WARN_UNGUARDED_AVAILABILITY = YES_AGGRESSIVE;
				CLANG_WARN_UNREACHABLE_CODE = YES;
				CLANG_WARN__DUPLICATE_METHOD_MATCH = YES;
				COPY_PHASE_STRIP = NO;
				DEBUG_INFORMATION_FORMAT = "dwarf-with-dsym";
				ENABLE_NS_ASSERTIONS = NO;
				ENABLE_STRICT_OBJC_MSGSEND = YES;
				ENABLE_USER_SCRIPT_SANDBOXING = YES;
				GCC_C_LANGUAGE_STANDARD = gnu17;
				GCC_NO_COMMON_BLOCKS = YES;
				GCC_WARN_64_TO_32_BIT_CONVERSION = YES;
				GCC_WARN_ABOUT_RETURN_TYPE = YES_ERROR;
				GCC_WARN_UNDECLARED_SELECTOR = YES;
				GCC_WARN_UNINITIALIZED_AUTOS = YES_AGGRESSIVE;
				GCC_WARN_UNUSED_FUNCTION = YES;
				GCC_WARN_UNUSED_VARIABLE = YES;
				IPHONEOS_DEPLOYMENT_TARGET = 17.2;
				LOCALIZATION_PREFERS_STRING_CATALOGS = YES;
				MTL_ENABLE_DEBUG_INFO = NO;
				MTL_FAST_MATH = YES;
				SDKROOT = iphoneos;
				SWIFT_COMPILATION_MODE = wholemodule;
				VALIDATE_PRODUCT = YES;
			};
			name = Release;
		};
		B78BED422B35C7BF005A05C6 /* Debug */ = {
			isa = XCBuildConfiguration;
			buildSettings = {
				ASSETCATALOG_COMPILER_APPICON_NAME = AppIcon;
				ASSETCATALOG_COMPILER_GLOBAL_ACCENT_COLOR_NAME = AccentColor;
				CODE_SIGN_STYLE = Automatic;
				CURRENT_PROJECT_VERSION = 1;
				DEVELOPMENT_ASSET_PATHS = "\"FoodsFinder/Preview Content\"";
				DEVELOPMENT_TEAM = 2RC344KPBS;
				ENABLE_PREVIEWS = YES;
				GENERATE_INFOPLIST_FILE = YES;
				INFOPLIST_FILE = FoodsFinder/Info.plist;
				INFOPLIST_KEY_UIApplicationSceneManifest_Generation = YES;
				INFOPLIST_KEY_UIApplicationSupportsIndirectInputEvents = YES;
				INFOPLIST_KEY_UISupportedInterfaceOrientations = UIInterfaceOrientationPortrait;
				INFOPLIST_KEY_UISupportedInterfaceOrientations_iPad = "UIInterfaceOrientationLandscapeLeft UIInterfaceOrientationLandscapeRight UIInterfaceOrientationPortrait UIInterfaceOrientationPortraitUpsideDown";
				INFOPLIST_KEY_UIUserInterfaceStyle = Light;
				IPHONEOS_DEPLOYMENT_TARGET = 16.6;
				LD_RUNPATH_SEARCH_PATHS = (
					"$(inherited)",
					"@executable_path/Frameworks",
				);
				MARKETING_VERSION = 1.0;
				PRODUCT_BUNDLE_IDENTIFIER = com.rentarou1994.FoodsFinder;
				PRODUCT_NAME = "$(TARGET_NAME)";
				SWIFT_EMIT_LOC_STRINGS = YES;
				SWIFT_VERSION = 5.0;
				TARGETED_DEVICE_FAMILY = "1,2";
			};
			name = Debug;
		};
		B78BED432B35C7BF005A05C6 /* Release */ = {
			isa = XCBuildConfiguration;
			buildSettings = {
				ASSETCATALOG_COMPILER_APPICON_NAME = AppIcon;
				ASSETCATALOG_COMPILER_GLOBAL_ACCENT_COLOR_NAME = AccentColor;
				CODE_SIGN_STYLE = Automatic;
				CURRENT_PROJECT_VERSION = 1;
				DEVELOPMENT_ASSET_PATHS = "\"FoodsFinder/Preview Content\"";
				DEVELOPMENT_TEAM = 2RC344KPBS;
				ENABLE_PREVIEWS = YES;
				GENERATE_INFOPLIST_FILE = YES;
				INFOPLIST_FILE = FoodsFinder/Info.plist;
				INFOPLIST_KEY_UIApplicationSceneManifest_Generation = YES;
				INFOPLIST_KEY_UIApplicationSupportsIndirectInputEvents = YES;
				INFOPLIST_KEY_UISupportedInterfaceOrientations = UIInterfaceOrientationPortrait;
				INFOPLIST_KEY_UISupportedInterfaceOrientations_iPad = "UIInterfaceOrientationLandscapeLeft UIInterfaceOrientationLandscapeRight UIInterfaceOrientationPortrait UIInterfaceOrientationPortraitUpsideDown";
				INFOPLIST_KEY_UIUserInterfaceStyle = Light;
				IPHONEOS_DEPLOYMENT_TARGET = 16.6;
				LD_RUNPATH_SEARCH_PATHS = (
					"$(inherited)",
					"@executable_path/Frameworks",
				);
				MARKETING_VERSION = 1.0;
				PRODUCT_BUNDLE_IDENTIFIER = com.rentarou1994.FoodsFinder;
				PRODUCT_NAME = "$(TARGET_NAME)";
				SWIFT_EMIT_LOC_STRINGS = YES;
				SWIFT_VERSION = 5.0;
				TARGETED_DEVICE_FAMILY = "1,2";
			};
			name = Release;
		};
		B78BED452B35C7BF005A05C6 /* Debug */ = {
			isa = XCBuildConfiguration;
			buildSettings = {
				BUNDLE_LOADER = "$(TEST_HOST)";
				CODE_SIGN_STYLE = Automatic;
				CURRENT_PROJECT_VERSION = 1;
				DEVELOPMENT_TEAM = 2RC344KPBS;
				GENERATE_INFOPLIST_FILE = YES;
				IPHONEOS_DEPLOYMENT_TARGET = 17.2;
				MARKETING_VERSION = 1.0;
				PRODUCT_BUNDLE_IDENTIFIER = com.rentarou1994.FoodsFinderTests;
				PRODUCT_NAME = "$(TARGET_NAME)";
				SWIFT_EMIT_LOC_STRINGS = NO;
				SWIFT_VERSION = 5.0;
				TARGETED_DEVICE_FAMILY = "1,2";
				TEST_HOST = "$(BUILT_PRODUCTS_DIR)/FoodsFinder.app/$(BUNDLE_EXECUTABLE_FOLDER_PATH)/FoodsFinder";
			};
			name = Debug;
		};
		B78BED462B35C7BF005A05C6 /* Release */ = {
			isa = XCBuildConfiguration;
			buildSettings = {
				BUNDLE_LOADER = "$(TEST_HOST)";
				CODE_SIGN_STYLE = Automatic;
				CURRENT_PROJECT_VERSION = 1;
				DEVELOPMENT_TEAM = 2RC344KPBS;
				GENERATE_INFOPLIST_FILE = YES;
				IPHONEOS_DEPLOYMENT_TARGET = 17.2;
				MARKETING_VERSION = 1.0;
				PRODUCT_BUNDLE_IDENTIFIER = com.rentarou1994.FoodsFinderTests;
				PRODUCT_NAME = "$(TARGET_NAME)";
				SWIFT_EMIT_LOC_STRINGS = NO;
				SWIFT_VERSION = 5.0;
				TARGETED_DEVICE_FAMILY = "1,2";
				TEST_HOST = "$(BUILT_PRODUCTS_DIR)/FoodsFinder.app/$(BUNDLE_EXECUTABLE_FOLDER_PATH)/FoodsFinder";
			};
			name = Release;
		};
		B78BED482B35C7BF005A05C6 /* Debug */ = {
			isa = XCBuildConfiguration;
			buildSettings = {
				CODE_SIGN_STYLE = Automatic;
				CURRENT_PROJECT_VERSION = 1;
				DEVELOPMENT_TEAM = 2RC344KPBS;
				GENERATE_INFOPLIST_FILE = YES;
				MARKETING_VERSION = 1.0;
				PRODUCT_BUNDLE_IDENTIFIER = com.rentarou1994.FoodsFinderUITests;
				PRODUCT_NAME = "$(TARGET_NAME)";
				SWIFT_EMIT_LOC_STRINGS = NO;
				SWIFT_VERSION = 5.0;
				TARGETED_DEVICE_FAMILY = "1,2";
				TEST_TARGET_NAME = FoodsFinder;
			};
			name = Debug;
		};
		B78BED492B35C7BF005A05C6 /* Release */ = {
			isa = XCBuildConfiguration;
			buildSettings = {
				CODE_SIGN_STYLE = Automatic;
				CURRENT_PROJECT_VERSION = 1;
				DEVELOPMENT_TEAM = 2RC344KPBS;
				GENERATE_INFOPLIST_FILE = YES;
				MARKETING_VERSION = 1.0;
				PRODUCT_BUNDLE_IDENTIFIER = com.rentarou1994.FoodsFinderUITests;
				PRODUCT_NAME = "$(TARGET_NAME)";
				SWIFT_EMIT_LOC_STRINGS = NO;
				SWIFT_VERSION = 5.0;
				TARGETED_DEVICE_FAMILY = "1,2";
				TEST_TARGET_NAME = FoodsFinder;
			};
			name = Release;
		};
		C22FDC4D2DDB10CC0017135C /* Debug */ = {
			isa = XCBuildConfiguration;
			buildSettings = {
				ASSETCATALOG_COMPILER_APPICON_NAME = AppIcon;
				ASSETCATALOG_COMPILER_GLOBAL_ACCENT_COLOR_NAME = AccentColor;
				CODE_SIGN_STYLE = Automatic;
				CURRENT_PROJECT_VERSION = 1;
				DEVELOPMENT_ASSET_PATHS = "\"FoodsFinder/Preview Content\"";
				DEVELOPMENT_TEAM = 2RC344KPBS;
				ENABLE_PREVIEWS = YES;
				GENERATE_INFOPLIST_FILE = YES;
				INFOPLIST_FILE = FoodsFinder/Info.plist;
				INFOPLIST_KEY_UIApplicationSceneManifest_Generation = YES;
				INFOPLIST_KEY_UIApplicationSupportsIndirectInputEvents = YES;
				INFOPLIST_KEY_UISupportedInterfaceOrientations = UIInterfaceOrientationPortrait;
				INFOPLIST_KEY_UISupportedInterfaceOrientations_iPad = "UIInterfaceOrientationLandscapeLeft UIInterfaceOrientationLandscapeRight UIInterfaceOrientationPortrait UIInterfaceOrientationPortraitUpsideDown";
				INFOPLIST_KEY_UIUserInterfaceStyle = Light;
				IPHONEOS_DEPLOYMENT_TARGET = 16.6;
				LD_RUNPATH_SEARCH_PATHS = (
					"$(inherited)",
					"@executable_path/Frameworks",
				);
				MARKETING_VERSION = 1.0;
				PRODUCT_BUNDLE_IDENTIFIER = com.rentarou1994.FoodsFinder;
				PRODUCT_NAME = "$(TARGET_NAME)";
				SWIFT_EMIT_LOC_STRINGS = YES;
				SWIFT_STRICT_CONCURRENCY = complete;
				SWIFT_VERSION = 5.0;
				TARGETED_DEVICE_FAMILY = "1,2";
			};
			name = Debug;
		};
		C22FDC4E2DDB10CC0017135C /* Release */ = {
			isa = XCBuildConfiguration;
			buildSettings = {
				ASSETCATALOG_COMPILER_APPICON_NAME = AppIcon;
				ASSETCATALOG_COMPILER_GLOBAL_ACCENT_COLOR_NAME = AccentColor;
				CODE_SIGN_STYLE = Automatic;
				CURRENT_PROJECT_VERSION = 1;
				DEVELOPMENT_ASSET_PATHS = "\"FoodsFinder/Preview Content\"";
				DEVELOPMENT_TEAM = 2RC344KPBS;
				ENABLE_PREVIEWS = YES;
				GENERATE_INFOPLIST_FILE = YES;
				INFOPLIST_FILE = FoodsFinder/Info.plist;
				INFOPLIST_KEY_UIApplicationSceneManifest_Generation = YES;
				INFOPLIST_KEY_UIApplicationSupportsIndirectInputEvents = YES;
				INFOPLIST_KEY_UISupportedInterfaceOrientations = UIInterfaceOrientationPortrait;
				INFOPLIST_KEY_UISupportedInterfaceOrientations_iPad = "UIInterfaceOrientationLandscapeLeft UIInterfaceOrientationLandscapeRight UIInterfaceOrientationPortrait UIInterfaceOrientationPortraitUpsideDown";
				INFOPLIST_KEY_UIUserInterfaceStyle = Light;
				IPHONEOS_DEPLOYMENT_TARGET = 16.6;
				LD_RUNPATH_SEARCH_PATHS = (
					"$(inherited)",
					"@executable_path/Frameworks",
				);
				MARKETING_VERSION = 1.0;
				PRODUCT_BUNDLE_IDENTIFIER = com.rentarou1994.FoodsFinder;
				PRODUCT_NAME = "$(TARGET_NAME)";
				SWIFT_EMIT_LOC_STRINGS = YES;
				SWIFT_STRICT_CONCURRENCY = complete;
				SWIFT_VERSION = 5.0;
				TARGETED_DEVICE_FAMILY = "1,2";
			};
			name = Release;
		};
		C22FDC902DDB10F00017135C /* Debug */ = {
			isa = XCBuildConfiguration;
			buildSettings = {
				ASSETCATALOG_COMPILER_APPICON_NAME = AppIcon;
				ASSETCATALOG_COMPILER_GLOBAL_ACCENT_COLOR_NAME = AccentColor;
				CODE_SIGN_STYLE = Automatic;
				CURRENT_PROJECT_VERSION = 1;
				DEVELOPMENT_ASSET_PATHS = "\"FoodsFinder/Preview Content\"";
				DEVELOPMENT_TEAM = 2RC344KPBS;
				ENABLE_PREVIEWS = YES;
				GENERATE_INFOPLIST_FILE = YES;
				INFOPLIST_FILE = FoodsFinder/Info.plist;
				INFOPLIST_KEY_UIApplicationSceneManifest_Generation = YES;
				INFOPLIST_KEY_UIApplicationSupportsIndirectInputEvents = YES;
				INFOPLIST_KEY_UISupportedInterfaceOrientations = UIInterfaceOrientationPortrait;
				INFOPLIST_KEY_UISupportedInterfaceOrientations_iPad = "UIInterfaceOrientationLandscapeLeft UIInterfaceOrientationLandscapeRight UIInterfaceOrientationPortrait UIInterfaceOrientationPortraitUpsideDown";
				INFOPLIST_KEY_UIUserInterfaceStyle = Light;
				IPHONEOS_DEPLOYMENT_TARGET = 16.6;
				LD_RUNPATH_SEARCH_PATHS = (
					"$(inherited)",
					"@executable_path/Frameworks",
				);
				MARKETING_VERSION = 1.0;
				PRODUCT_BUNDLE_IDENTIFIER = com.rentarou1994.FoodsFinder;
				PRODUCT_NAME = "$(TARGET_NAME)";
				SWIFT_EMIT_LOC_STRINGS = YES;
				SWIFT_VERSION = 6.0;
				TARGETED_DEVICE_FAMILY = "1,2";
			};
			name = Debug;
		};
		C22FDC912DDB10F00017135C /* Release */ = {
			isa = XCBuildConfiguration;
			buildSettings = {
				ASSETCATALOG_COMPILER_APPICON_NAME = AppIcon;
				ASSETCATALOG_COMPILER_GLOBAL_ACCENT_COLOR_NAME = AccentColor;
				CODE_SIGN_STYLE = Automatic;
				CURRENT_PROJECT_VERSION = 1;
				DEVELOPMENT_ASSET_PATHS = "\"FoodsFinder/Preview Content\"";
				DEVELOPMENT_TEAM = 2RC344KPBS;
				ENABLE_PREVIEWS = YES;
				GENERATE_INFOPLIST_FILE = YES;
				INFOPLIST_FILE = FoodsFinder/Info.plist;
				INFOPLIST_KEY_UIApplicationSceneManifest_Generation = YES;
				INFOPLIST_KEY_UIApplicationSupportsIndirectInputEvents = YES;
				INFOPLIST_KEY_UISupportedInterfaceOrientations = UIInterfaceOrientationPortrait;
				INFOPLIST_KEY_UISupportedInterfaceOrientations_iPad = "UIInterfaceOrientationLandscapeLeft UIInterfaceOrientationLandscapeRight UIInterfaceOrientationPortrait UIInterfaceOrientationPortraitUpsideDown";
				INFOPLIST_KEY_UIUserInterfaceStyle = Light;
				IPHONEOS_DEPLOYMENT_TARGET = 16.6;
				LD_RUNPATH_SEARCH_PATHS = (
					"$(inherited)",
					"@executable_path/Frameworks",
				);
				MARKETING_VERSION = 1.0;
				PRODUCT_BUNDLE_IDENTIFIER = com.rentarou1994.FoodsFinder;
				PRODUCT_NAME = "$(TARGET_NAME)";
				SWIFT_EMIT_LOC_STRINGS = YES;
				SWIFT_VERSION = 6.0;
				TARGETED_DEVICE_FAMILY = "1,2";
			};
			name = Release;
		};
/* End XCBuildConfiguration section */

/* Begin XCConfigurationList section */
		B78BED182B35C7BB005A05C6 /* Build configuration list for PBXProject "FoodsFinder" */ = {
			isa = XCConfigurationList;
			buildConfigurations = (
				B78BED3F2B35C7BF005A05C6 /* Debug */,
				B78BED402B35C7BF005A05C6 /* Release */,
			);
			defaultConfigurationIsVisible = 0;
			defaultConfigurationName = Release;
		};
		B78BED412B35C7BF005A05C6 /* Build configuration list for PBXNativeTarget "FoodsFinder" */ = {
			isa = XCConfigurationList;
			buildConfigurations = (
				B78BED422B35C7BF005A05C6 /* Debug */,
				B78BED432B35C7BF005A05C6 /* Release */,
			);
			defaultConfigurationIsVisible = 0;
			defaultConfigurationName = Release;
		};
		B78BED442B35C7BF005A05C6 /* Build configuration list for PBXNativeTarget "FoodsFinderTests" */ = {
			isa = XCConfigurationList;
			buildConfigurations = (
				B78BED452B35C7BF005A05C6 /* Debug */,
				B78BED462B35C7BF005A05C6 /* Release */,
			);
			defaultConfigurationIsVisible = 0;
			defaultConfigurationName = Release;
		};
		B78BED472B35C7BF005A05C6 /* Build configuration list for PBXNativeTarget "FoodsFinderUITests" */ = {
			isa = XCConfigurationList;
			buildConfigurations = (
				B78BED482B35C7BF005A05C6 /* Debug */,
				B78BED492B35C7BF005A05C6 /* Release */,
			);
			defaultConfigurationIsVisible = 0;
			defaultConfigurationName = Release;
		};
		C22FDC4C2DDB10CC0017135C /* Build configuration list for PBXNativeTarget "FFSwift6Mode" */ = {
			isa = XCConfigurationList;
			buildConfigurations = (
				C22FDC4D2DDB10CC0017135C /* Debug */,
				C22FDC4E2DDB10CC0017135C /* Release */,
			);
			defaultConfigurationIsVisible = 0;
			defaultConfigurationName = Release;
		};
		C22FDC8F2DDB10F00017135C /* Build configuration list for PBXNativeTarget "FFSwift6" */ = {
			isa = XCConfigurationList;
			buildConfigurations = (
				C22FDC902DDB10F00017135C /* Debug */,
				C22FDC912DDB10F00017135C /* Release */,
			);
			defaultConfigurationIsVisible = 0;
			defaultConfigurationName = Release;
		};
/* End XCConfigurationList section */

/* Begin XCRemoteSwiftPackageReference section */
		B7B168472B36919B00F521D9 /* XCRemoteSwiftPackageReference "Reachability" */ = {
			isa = XCRemoteSwiftPackageReference;
			repositoryURL = "https://github.com/ashleymills/Reachability.swift";
			requirement = {
				kind = upToNextMajorVersion;
				minimumVersion = 5.0.0;
			};
		};
		B7C632702B368D67006B1E4E /* XCRemoteSwiftPackageReference "firebase-ios-sdk" */ = {
			isa = XCRemoteSwiftPackageReference;
			repositoryURL = "https://github.com/firebase/firebase-ios-sdk";
			requirement = {
				kind = upToNextMajorVersion;
				minimumVersion = 10.19.1;
			};
		};
		B7C97EE02BECFEDD00E9A64E /* XCRemoteSwiftPackageReference "SnapKit" */ = {
			isa = XCRemoteSwiftPackageReference;
			repositoryURL = "https://github.com/SnapKit/SnapKit.git";
			requirement = {
				kind = upToNextMajorVersion;
				minimumVersion = 5.7.1;
			};
		};
		C22FDC102DDB10CC0017135C /* XCRemoteSwiftPackageReference "firebase-ios-sdk" */ = {
			isa = XCRemoteSwiftPackageReference;
			repositoryURL = "https://github.com/firebase/firebase-ios-sdk";
			requirement = {
				kind = upToNextMajorVersion;
				minimumVersion = 10.19.1;
			};
		};
		C22FDC132DDB10CC0017135C /* XCRemoteSwiftPackageReference "Reachability" */ = {
			isa = XCRemoteSwiftPackageReference;
			repositoryURL = "https://github.com/ashleymills/Reachability.swift";
			requirement = {
				kind = upToNextMajorVersion;
				minimumVersion = 5.0.0;
			};
		};
		C22FDC152DDB10CC0017135C /* XCRemoteSwiftPackageReference "SnapKit" */ = {
			isa = XCRemoteSwiftPackageReference;
			repositoryURL = "https://github.com/SnapKit/SnapKit.git";
			requirement = {
				kind = upToNextMajorVersion;
				minimumVersion = 5.7.1;
			};
		};
		C22FDC532DDB10F00017135C /* XCRemoteSwiftPackageReference "firebase-ios-sdk" */ = {
			isa = XCRemoteSwiftPackageReference;
			repositoryURL = "https://github.com/firebase/firebase-ios-sdk";
			requirement = {
				kind = upToNextMajorVersion;
				minimumVersion = 10.19.1;
			};
		};
		C22FDC562DDB10F00017135C /* XCRemoteSwiftPackageReference "Reachability" */ = {
			isa = XCRemoteSwiftPackageReference;
			repositoryURL = "https://github.com/ashleymills/Reachability.swift";
			requirement = {
				kind = upToNextMajorVersion;
				minimumVersion = 5.0.0;
			};
		};
		C22FDC582DDB10F00017135C /* XCRemoteSwiftPackageReference "SnapKit" */ = {
			isa = XCRemoteSwiftPackageReference;
			repositoryURL = "https://github.com/SnapKit/SnapKit.git";
			requirement = {
				kind = upToNextMajorVersion;
				minimumVersion = 5.7.1;
			};
		};
/* End XCRemoteSwiftPackageReference section */

/* Begin XCSwiftPackageProductDependency section */
		B76D55812D313943009A1606 /* API */ = {
			isa = XCSwiftPackageProductDependency;
			productName = API;
		};
		B76D55832D313AAB009A1606 /* Entity */ = {
			isa = XCSwiftPackageProductDependency;
			productName = Entity;
		};
		B7B1683C2B368F2100F521D9 /* FirebaseAnalytics */ = {
			isa = XCSwiftPackageProductDependency;
			package = B7C632702B368D67006B1E4E /* XCRemoteSwiftPackageReference "firebase-ios-sdk" */;
			productName = FirebaseAnalytics;
		};
		B7B1683E2B368F2900F521D9 /* FirebaseAuth */ = {
			isa = XCSwiftPackageProductDependency;
			package = B7C632702B368D67006B1E4E /* XCRemoteSwiftPackageReference "firebase-ios-sdk" */;
			productName = FirebaseAuth;
		};
		B7B168482B36919B00F521D9 /* Reachability */ = {
			isa = XCSwiftPackageProductDependency;
			package = B7B168472B36919B00F521D9 /* XCRemoteSwiftPackageReference "Reachability" */;
			productName = Reachability;
		};
		B7C97EE12BECFEDD00E9A64E /* SnapKit */ = {
			isa = XCSwiftPackageProductDependency;
			package = B7C97EE02BECFEDD00E9A64E /* XCRemoteSwiftPackageReference "SnapKit" */;
			productName = SnapKit;
		};
		B7F941182D313FBC0053BA44 /* View */ = {
			isa = XCSwiftPackageProductDependency;
			productName = View;
		};
		B7F9411A2D313FBF0053BA44 /* Core */ = {
			isa = XCSwiftPackageProductDependency;
			productName = Core;
		};
		C22FDC0F2DDB10CC0017135C /* FirebaseAnalytics */ = {
			isa = XCSwiftPackageProductDependency;
			package = C22FDC102DDB10CC0017135C /* XCRemoteSwiftPackageReference "firebase-ios-sdk" */;
			productName = FirebaseAnalytics;
		};
		C22FDC112DDB10CC0017135C /* FirebaseAuth */ = {
			isa = XCSwiftPackageProductDependency;
			package = C22FDC102DDB10CC0017135C /* XCRemoteSwiftPackageReference "firebase-ios-sdk" */;
			productName = FirebaseAuth;
		};
		C22FDC122DDB10CC0017135C /* Reachability */ = {
			isa = XCSwiftPackageProductDependency;
			package = C22FDC132DDB10CC0017135C /* XCRemoteSwiftPackageReference "Reachability" */;
			productName = Reachability;
		};
		C22FDC142DDB10CC0017135C /* SnapKit */ = {
			isa = XCSwiftPackageProductDependency;
			package = C22FDC152DDB10CC0017135C /* XCRemoteSwiftPackageReference "SnapKit" */;
			productName = SnapKit;
		};
		C22FDC162DDB10CC0017135C /* API */ = {
			isa = XCSwiftPackageProductDependency;
			productName = API;
		};
		C22FDC172DDB10CC0017135C /* Entity */ = {
			isa = XCSwiftPackageProductDependency;
			productName = Entity;
		};
		C22FDC182DDB10CC0017135C /* View */ = {
			isa = XCSwiftPackageProductDependency;
			productName = View;
		};
		C22FDC192DDB10CC0017135C /* Core */ = {
			isa = XCSwiftPackageProductDependency;
			productName = Core;
		};
		C22FDC522DDB10F00017135C /* FirebaseAnalytics */ = {
			isa = XCSwiftPackageProductDependency;
			package = C22FDC532DDB10F00017135C /* XCRemoteSwiftPackageReference "firebase-ios-sdk" */;
			productName = FirebaseAnalytics;
		};
		C22FDC542DDB10F00017135C /* FirebaseAuth */ = {
			isa = XCSwiftPackageProductDependency;
			package = C22FDC532DDB10F00017135C /* XCRemoteSwiftPackageReference "firebase-ios-sdk" */;
			productName = FirebaseAuth;
		};
		C22FDC552DDB10F00017135C /* Reachability */ = {
			isa = XCSwiftPackageProductDependency;
			package = C22FDC562DDB10F00017135C /* XCRemoteSwiftPackageReference "Reachability" */;
			productName = Reachability;
		};
		C22FDC572DDB10F00017135C /* SnapKit */ = {
			isa = XCSwiftPackageProductDependency;
			package = C22FDC582DDB10F00017135C /* XCRemoteSwiftPackageReference "SnapKit" */;
			productName = SnapKit;
		};
		C22FDC592DDB10F00017135C /* API */ = {
			isa = XCSwiftPackageProductDependency;
			productName = API;
		};
		C22FDC5A2DDB10F00017135C /* Entity */ = {
			isa = XCSwiftPackageProductDependency;
			productName = Entity;
		};
		C22FDC5B2DDB10F00017135C /* View */ = {
			isa = XCSwiftPackageProductDependency;
			productName = View;
		};
		C22FDC5C2DDB10F00017135C /* Core */ = {
			isa = XCSwiftPackageProductDependency;
			productName = Core;
		};
/* End XCSwiftPackageProductDependency section */
	};
	rootObject = B78BED152B35C7BB005A05C6 /* Project object */;
}
